<?xml version="1.0" encoding="utf-8"?>
<Project ToolsVersion="4.0" xmlns="http://schemas.microsoft.com/developer/msbuild/2003">
  <ItemGroup>
    <Filter Include="Source Files">
      <UniqueIdentifier>{4FC737F1-C7A5-4376-A066-2A32D752A2FF}</UniqueIdentifier>
      <Extensions>cpp;c;cc;cxx;def;odl;idl;hpj;bat;asm;asmx</Extensions>
    </Filter>
    <Filter Include="Header Files">
      <UniqueIdentifier>{93995380-89BD-4b04-88EB-625FBE52EBFB}</UniqueIdentifier>
      <Extensions>h;hpp;hxx;hm;inl;inc;xsd</Extensions>
    </Filter>
    <Filter Include="scripts">
      <UniqueIdentifier>{29081b57-e895-4418-bed6-57525065fea1}</UniqueIdentifier>
    </Filter>
    <Filter Include="XML">
      <UniqueIdentifier>{d54fe677-c5bc-4df4-8ac7-35337dd8c714}</UniqueIdentifier>
    </Filter>
    <Filter Include="Resource Files">
      <UniqueIdentifier>{018c356f-43cf-495d-bef7-e81d30154bfa}</UniqueIdentifier>
    </Filter>
  </ItemGroup>
  <ItemGroup>
    <None Include="scripts\bindings.bat">
      <Filter>scripts</Filter>
    </None>
    <None Include="rpg_graphics.xml">
      <Filter>XML</Filter>
    </None>
    <None Include="rpg_graphics.map">
      <Filter>XML</Filter>
    </None>
  </ItemGroup>
  <ItemGroup>
    <ClInclude Include="rpg_XMLSchema_XML_types.h">
      <Filter>Header Files</Filter>
    </ClInclude>
    <ClInclude Include="rpg_graphics_category.h">
      <Filter>Header Files</Filter>
    </ClInclude>
    <ClInclude Include="rpg_graphics_common.h">
      <Filter>Header Files</Filter>
    </ClInclude>
    <ClInclude Include="rpg_graphics_common_tools.h">
      <Filter>Header Files</Filter>
    </ClInclude>
    <ClInclude Include="rpg_graphics_cursor.h">
      <Filter>Header Files</Filter>
    </ClInclude>
    <ClInclude Include="rpg_graphics_cursor_manager.h">
      <Filter>Header Files</Filter>
    </ClInclude>
    <ClInclude Include="rpg_graphics_defines.h">
      <Filter>Header Files</Filter>
    </ClInclude>
    <ClInclude Include="rpg_graphics_dictionary.h">
      <Filter>Header Files</Filter>
    </ClInclude>
    <ClInclude Include="rpg_graphics_doorstyle.h">
      <Filter>Header Files</Filter>
    </ClInclude>
    <ClInclude Include="rpg_graphics_edgestyle.h">
      <Filter>Header Files</Filter>
    </ClInclude>
    <ClInclude Include="rpg_graphics_element.h">
      <Filter>Header Files</Filter>
    </ClInclude>
    <ClInclude Include="rpg_graphics_elementtypeunion.h">
      <Filter>Header Files</Filter>
    </ClInclude>
    <ClInclude Include="rpg_graphics_floorstyle.h">
      <Filter>Header Files</Filter>
    </ClInclude>
    <ClInclude Include="rpg_graphics_font.h">
      <Filter>Header Files</Filter>
    </ClInclude>
    <ClInclude Include="rpg_graphics_graphic.h">
      <Filter>Header Files</Filter>
    </ClInclude>
    <ClInclude Include="rpg_graphics_graphictypeunion.h">
      <Filter>Header Files</Filter>
    </ClInclude>
    <ClInclude Include="rpg_graphics_hotspot.h">
      <Filter>Header Files</Filter>
    </ClInclude>
    <ClInclude Include="rpg_graphics_hotspottype.h">
      <Filter>Header Files</Filter>
    </ClInclude>
    <ClInclude Include="rpg_graphics_image.h">
      <Filter>Header Files</Filter>
    </ClInclude>
    <ClInclude Include="rpg_graphics_incl.h">
      <Filter>Header Files</Filter>
    </ClInclude>
    <ClInclude Include="rpg_graphics_interfaceelementtype.h">
      <Filter>Header Files</Filter>
    </ClInclude>
    <ClInclude Include="rpg_graphics_iwindow.h">
      <Filter>Header Files</Filter>
    </ClInclude>
    <ClInclude Include="rpg_graphics_orientation.h">
      <Filter>Header Files</Filter>
    </ClInclude>
    <ClInclude Include="rpg_graphics_SDL_tools.h">
      <Filter>Header Files</Filter>
    </ClInclude>
    <ClInclude Include="rpg_graphics_SDL_window_base.h">
      <Filter>Header Files</Filter>
    </ClInclude>
    <ClInclude Include="rpg_graphics_SDL_window_sub.h">
      <Filter>Header Files</Filter>
    </ClInclude>
    <ClInclude Include="rpg_graphics_sprite.h">
      <Filter>Header Files</Filter>
    </ClInclude>
    <ClInclude Include="rpg_graphics_stairsstyle.h">
      <Filter>Header Files</Filter>
    </ClInclude>
    <ClInclude Include="rpg_graphics_styleunion.h">
      <Filter>Header Files</Filter>
    </ClInclude>
    <ClInclude Include="rpg_graphics_surface.h">
      <Filter>Header Files</Filter>
    </ClInclude>
    <ClInclude Include="rpg_graphics_tile.h">
      <Filter>Header Files</Filter>
    </ClInclude>
    <ClInclude Include="rpg_graphics_tilegraphic.h">
      <Filter>Header Files</Filter>
    </ClInclude>
    <ClInclude Include="rpg_graphics_tileset.h">
      <Filter>Header Files</Filter>
    </ClInclude>
    <ClInclude Include="rpg_graphics_tilesetgraphic.h">
      <Filter>Header Files</Filter>
    </ClInclude>
    <ClInclude Include="rpg_graphics_tilesettype.h">
      <Filter>Header Files</Filter>
    </ClInclude>
    <ClInclude Include="rpg_graphics_tiletype.h">
      <Filter>Header Files</Filter>
    </ClInclude>
    <ClInclude Include="rpg_graphics_toplevel.h">
      <Filter>Header Files</Filter>
    </ClInclude>
    <ClInclude Include="rpg_graphics_wallstyle.h">
      <Filter>Header Files</Filter>
    </ClInclude>
    <ClInclude Include="rpg_graphics_windowtype.h">
      <Filter>Header Files</Filter>
    </ClInclude>
    <ClInclude Include="rpg_graphics_XML_parser.h">
      <Filter>Header Files</Filter>
    </ClInclude>
    <ClInclude Include="rpg_graphics_XML_tree.h">
      <Filter>Header Files</Filter>
    </ClInclude>
    <ClInclude Include="rpg_graphics_XML_types.h">
      <Filter>Header Files</Filter>
    </ClInclude>
    <ClInclude Include="rpg_XMLSchema_XML_tree.h">
      <Filter>Header Files</Filter>
    </ClInclude>
    <ClInclude Include="rpg_graphics_exports.h">
      <Filter>Header Files</Filter>
    </ClInclude>
    <ClInclude Include="stdafx.h">
      <Filter>Header Files</Filter>
    </ClInclude>
    <ClInclude Include="rpg_graphics_SDL_window_interface.h">
      <Filter>Header Files</Filter>
    </ClInclude>
    <ClInclude Include="rpg_graphics_style.h">
      <Filter>Header Files</Filter>
    </ClInclude>
  </ItemGroup>
  <ItemGroup>
    <ClCompile Include="rpg_graphics_common_tools.cpp">
      <Filter>Source Files</Filter>
    </ClCompile>
    <ClCompile Include="rpg_graphics_cursor_manager.cpp">
      <Filter>Source Files</Filter>
    </ClCompile>
    <ClCompile Include="rpg_graphics_dictionary.cpp">
      <Filter>Source Files</Filter>
    </ClCompile>
    <ClCompile Include="rpg_graphics_hotspot.cpp">
      <Filter>Source Files</Filter>
    </ClCompile>
    <ClCompile Include="rpg_graphics_SDL_tools.cpp">
      <Filter>Source Files</Filter>
    </ClCompile>
    <ClCompile Include="rpg_graphics_SDL_window_base.cpp">
      <Filter>Source Files</Filter>
    </ClCompile>
    <ClCompile Include="rpg_graphics_SDL_window_sub.cpp">
      <Filter>Source Files</Filter>
    </ClCompile>
    <ClCompile Include="rpg_graphics_surface.cpp">
      <Filter>Source Files</Filter>
    </ClCompile>
    <ClCompile Include="rpg_graphics_toplevel.cpp">
      <Filter>Source Files</Filter>
    </ClCompile>
    <ClCompile Include="rpg_graphics_XML_parser.cpp">
      <Filter>Source Files</Filter>
    </ClCompile>
    <ClCompile Include="rpg_graphics_XML_tree.cpp">
      <Filter>Source Files</Filter>
    </ClCompile>
    <ClCompile Include="rpg_graphics_XML_types.cpp">
      <Filter>Source Files</Filter>
    </ClCompile>
    <ClCompile Include="stdafx.cpp">
      <Filter>Source Files</Filter>
    </ClCompile>
    <ClCompile Include="rpg_graphics_SDL_window_interface.cpp">
      <Filter>Source Files</Filter>
    </ClCompile>
  </ItemGroup>
  <ItemGroup>
    <CXX_Parser_Mapping_Rule Include="rpg_graphics.xsd">
      <Filter>XML</Filter>
    </CXX_Parser_Mapping_Rule>
  </ItemGroup>
</Project>