<?xml version="1.0" encoding="utf-8"?>
<Project ToolsVersion="4.0" xmlns="http://schemas.microsoft.com/developer/msbuild/2003">
  <ItemGroup>
    <Filter Include="Source Files">
      <UniqueIdentifier>{4FC737F1-C7A5-4376-A066-2A32D752A2FF}</UniqueIdentifier>
      <Extensions>cpp;c;cc;cxx;def;odl;idl;hpj;bat;asm;asmx</Extensions>
    </Filter>
    <Filter Include="Header Files">
      <UniqueIdentifier>{93995380-89BD-4b04-88EB-625FBE52EBFB}</UniqueIdentifier>
      <Extensions>h;hpp;hxx;hm;inl;inc;xsd</Extensions>
    </Filter>
    <Filter Include="Resource Files">
      <UniqueIdentifier>{67DA6AB6-F800-4c08-8B7A-83BB121AAD01}</UniqueIdentifier>
      <Extensions>rc;ico;cur;bmp;dlg;rc2;rct;bin;rgs;gif;jpg;jpeg;jpe;resx;tiff;tif;png;wav;mfcribbon-ms</Extensions>
    </Filter>
    <Filter Include="scripts">
      <UniqueIdentifier>{6ff89971-8faa-453b-9687-edcacb4a0a57}</UniqueIdentifier>
    </Filter>
    <Filter Include="XML">
      <UniqueIdentifier>{de5145e6-5019-438f-b74c-e2860b8b680a}</UniqueIdentifier>
    </Filter>
  </ItemGroup>
  <ItemGroup>
    <ClInclude Include="rpg_XMLSchema_XML_types.h">
      <Filter>Header Files</Filter>
    </ClInclude>
    <ClInclude Include="rpg_combat_attackform.h">
      <Filter>Header Files</Filter>
    </ClInclude>
    <ClInclude Include="rpg_combat_attacksituation.h">
      <Filter>Header Files</Filter>
    </ClInclude>
    <ClInclude Include="rpg_combat_check.h">
      <Filter>Header Files</Filter>
    </ClInclude>
    <ClInclude Include="rpg_combat_checktypeunion.h">
      <Filter>Header Files</Filter>
    </ClInclude>
    <ClInclude Include="rpg_combat_common.h">
      <Filter>Header Files</Filter>
    </ClInclude>
    <ClInclude Include="rpg_combat_common_tools.h">
      <Filter>Header Files</Filter>
    </ClInclude>
    <ClInclude Include="rpg_combat_damage.h">
      <Filter>Header Files</Filter>
    </ClInclude>
    <ClInclude Include="rpg_combat_damagecountermeasure.h">
      <Filter>Header Files</Filter>
    </ClInclude>
    <ClInclude Include="rpg_combat_damageduration.h">
      <Filter>Header Files</Filter>
    </ClInclude>
    <ClInclude Include="rpg_combat_damageelement.h">
      <Filter>Header Files</Filter>
    </ClInclude>
    <ClInclude Include="rpg_combat_damagereductiontype.h">
      <Filter>Header Files</Filter>
    </ClInclude>
    <ClInclude Include="rpg_combat_damagetypeunion.h">
      <Filter>Header Files</Filter>
    </ClInclude>
    <ClInclude Include="rpg_combat_defensesituation.h">
      <Filter>Header Files</Filter>
    </ClInclude>
    <ClInclude Include="rpg_combat_incl.h">
      <Filter>Header Files</Filter>
    </ClInclude>
    <ClInclude Include="rpg_combat_otherdamage.h">
      <Filter>Header Files</Filter>
    </ClInclude>
    <ClInclude Include="rpg_combat_otherdamagetype.h">
      <Filter>Header Files</Filter>
    </ClInclude>
    <ClInclude Include="rpg_combat_rangedattackproperties.h">
      <Filter>Header Files</Filter>
    </ClInclude>
    <ClInclude Include="rpg_combat_rangedeffectunion.h">
      <Filter>Header Files</Filter>
    </ClInclude>
    <ClInclude Include="rpg_combat_specialattack.h">
      <Filter>Header Files</Filter>
    </ClInclude>
    <ClInclude Include="rpg_combat_specialdamagetype.h">
      <Filter>Header Files</Filter>
    </ClInclude>
    <ClInclude Include="rpg_combat_XML_parser.h">
      <Filter>Header Files</Filter>
    </ClInclude>
    <ClInclude Include="rpg_combat_XML_types.h">
      <Filter>Header Files</Filter>
    </ClInclude>
    <ClInclude Include="rpg_combat_exports.h">
      <Filter>Header Files</Filter>
    </ClInclude>
    <ClInclude Include="stdafx.h">
      <Filter>Header Files</Filter>
    </ClInclude>
    <ClInclude Include="rpg_combat_defines.h">
      <Filter>Header Files</Filter>
    </ClInclude>
  </ItemGroup>
  <ItemGroup>
    <ClCompile Include="rpg_combat_common_tools.cpp">
      <Filter>Source Files</Filter>
    </ClCompile>
    <ClCompile Include="rpg_combat_XML_parser.cpp">
      <Filter>Source Files</Filter>
    </ClCompile>
    <ClCompile Include="rpg_combat_XML_types.cpp">
      <Filter>Source Files</Filter>
    </ClCompile>
    <ClCompile Include="stdafx.cpp">
      <Filter>Source Files</Filter>
    </ClCompile>
  </ItemGroup>
  <ItemGroup>
    <None Include="rpg_combat.map">
      <Filter>XML</Filter>
    </None>
    <None Include="scripts\bindings.bat">
      <Filter>scripts</Filter>
    </None>
  </ItemGroup>
  <ItemGroup>
    <CXX_Parser_Mapping_Rule Include="rpg_combat.xsd">
      <Filter>XML</Filter>
    </CXX_Parser_Mapping_Rule>
  </ItemGroup>
</Project>