<?xml version="1.0" encoding="utf-8"?>
<Project ToolsVersion="4.0" xmlns="http://schemas.microsoft.com/developer/msbuild/2003">
  <ItemGroup>
    <Filter Include="Source Files">
      <UniqueIdentifier>{4FC737F1-C7A5-4376-A066-2A32D752A2FF}</UniqueIdentifier>
      <Extensions>cpp;c;cc;cxx;def;odl;idl;hpj;bat;asm;asmx</Extensions>
    </Filter>
    <Filter Include="Header Files">
      <UniqueIdentifier>{93995380-89BD-4b04-88EB-625FBE52EBFB}</UniqueIdentifier>
      <Extensions>h;hpp;hxx;hm;inl;inc;xsd</Extensions>
    </Filter>
    <Filter Include="XML">
      <UniqueIdentifier>{929d2af4-7ec8-408c-a09c-890f3a324954}</UniqueIdentifier>
      <Extensions>map;xsd;xml</Extensions>
    </Filter>
    <Filter Include="scripts">
      <UniqueIdentifier>{2d2b7f66-c94a-4000-81df-8c1d21a76f6a}</UniqueIdentifier>
    </Filter>
    <Filter Include="Resource Files">
      <UniqueIdentifier>{fe645344-c8f6-42c8-9ac0-fa71b0f28a4c}</UniqueIdentifier>
    </Filter>
  </ItemGroup>
  <ItemGroup>
    <ClCompile Include="..\..\item\rpg_item_ACEXML_dictionary.cpp">
      <Filter>Source Files</Filter>
    </ClCompile>
    <ClCompile Include="..\..\item\rpg_item_ACEXML_dictionary_parser.cpp">
      <Filter>Source Files</Filter>
    </ClCompile>
    <ClCompile Include="..\..\item\rpg_item_armor.cpp">
      <Filter>Source Files</Filter>
    </ClCompile>
    <ClCompile Include="..\..\item\rpg_item_base.cpp">
      <Filter>Source Files</Filter>
    </ClCompile>
    <ClCompile Include="..\..\item\rpg_item_commodity.cpp">
      <Filter>Source Files</Filter>
    </ClCompile>
    <ClCompile Include="..\..\item\rpg_item_common_tools.cpp">
      <Filter>Source Files</Filter>
    </ClCompile>
    <ClCompile Include="..\..\item\rpg_item_common_XML_tools.cpp">
      <Filter>Source Files</Filter>
    </ClCompile>
    <ClCompile Include="..\..\item\rpg_item_dictionary.cpp">
      <Filter>Source Files</Filter>
    </ClCompile>
    <ClCompile Include="..\..\item\rpg_item_instance_base.cpp">
      <Filter>Source Files</Filter>
    </ClCompile>
    <ClCompile Include="..\..\item\rpg_item_instance_manager.cpp">
      <Filter>Source Files</Filter>
    </ClCompile>
    <ClCompile Include="..\..\item\rpg_item_weapon.cpp">
      <Filter>Source Files</Filter>
    </ClCompile>
    <ClCompile Include="..\..\item\rpg_item_XML_parser.cpp">
      <Filter>Source Files</Filter>
    </ClCompile>
    <ClCompile Include="..\..\item\rpg_item_XML_tree.cpp">
      <Filter>Source Files</Filter>
    </ClCompile>
    <ClCompile Include="..\..\item\rpg_item_XML_types.cpp">
      <Filter>Source Files</Filter>
    </ClCompile>
    <ClCompile Include="..\..\item\stdafx.cpp">
      <Filter>Source Files</Filter>
    </ClCompile>
  </ItemGroup>
  <ItemGroup>
    <ClInclude Include="..\..\item\rpg_item_ACEXML_dictionary.h">
      <Filter>Header Files</Filter>
    </ClInclude>
    <ClInclude Include="..\..\item\rpg_item_ACEXML_dictionary_parser.h">
      <Filter>Header Files</Filter>
    </ClInclude>
    <ClInclude Include="..\..\item\rpg_item_armor.h">
      <Filter>Header Files</Filter>
    </ClInclude>
    <ClInclude Include="..\..\item\rpg_item_armorcategory.h">
      <Filter>Header Files</Filter>
    </ClInclude>
    <ClInclude Include="..\..\item\rpg_item_armorpropertiesbase.h">
      <Filter>Header Files</Filter>
    </ClInclude>
    <ClInclude Include="..\..\item\rpg_item_armorpropertiesxml.h">
      <Filter>Header Files</Filter>
    </ClInclude>
    <ClInclude Include="..\..\item\rpg_item_armortype.h">
      <Filter>Header Files</Filter>
    </ClInclude>
    <ClInclude Include="..\..\item\rpg_item_base.h">
      <Filter>Header Files</Filter>
    </ClInclude>
    <ClInclude Include="..\..\item\rpg_item_baseproperties.h">
      <Filter>Header Files</Filter>
    </ClInclude>
    <ClInclude Include="..\..\item\rpg_item_basexml.h">
      <Filter>Header Files</Filter>
    </ClInclude>
    <ClInclude Include="..\..\item\rpg_item_commodity.h">
      <Filter>Header Files</Filter>
    </ClInclude>
    <ClInclude Include="..\..\item\rpg_item_commoditybeverage.h">
      <Filter>Header Files</Filter>
    </ClInclude>
    <ClInclude Include="..\..\item\rpg_item_commoditylight.h">
      <Filter>Header Files</Filter>
    </ClInclude>
    <ClInclude Include="..\..\item\rpg_item_commoditypropertiesbase.h">
      <Filter>Header Files</Filter>
    </ClInclude>
    <ClInclude Include="..\..\item\rpg_item_commoditytype.h">
      <Filter>Header Files</Filter>
    </ClInclude>
    <ClInclude Include="..\..\item\rpg_item_commodityunion.h">
      <Filter>Header Files</Filter>
    </ClInclude>
    <ClInclude Include="..\..\item\rpg_item_common.h">
      <Filter>Header Files</Filter>
    </ClInclude>
    <ClInclude Include="..\..\item\rpg_item_common_tools.h">
      <Filter>Header Files</Filter>
    </ClInclude>
    <ClInclude Include="..\..\item\rpg_item_common_XML_tools.h">
      <Filter>Header Files</Filter>
    </ClInclude>
    <ClInclude Include="..\..\item\rpg_item_creationcost.h">
      <Filter>Header Files</Filter>
    </ClInclude>
    <ClInclude Include="..\..\item\rpg_item_criticalhitproperties.h">
      <Filter>Header Files</Filter>
    </ClInclude>
    <ClInclude Include="..\..\item\rpg_item_defines.h">
      <Filter>Header Files</Filter>
    </ClInclude>
    <ClInclude Include="..\..\item\rpg_item_dictionary.h">
      <Filter>Header Files</Filter>
    </ClInclude>
    <ClInclude Include="..\..\item\rpg_item_exports.h">
      <Filter>Header Files</Filter>
    </ClInclude>
    <ClInclude Include="..\..\item\rpg_item_incl.h">
      <Filter>Header Files</Filter>
    </ClInclude>
    <ClInclude Include="..\..\item\rpg_item_instance_base.h">
      <Filter>Header Files</Filter>
    </ClInclude>
    <ClInclude Include="..\..\item\rpg_item_instance_common.h">
      <Filter>Header Files</Filter>
    </ClInclude>
    <ClInclude Include="..\..\item\rpg_item_instance_manager.h">
      <Filter>Header Files</Filter>
    </ClInclude>
    <ClInclude Include="..\..\item\rpg_item_inventoryxml.h">
      <Filter>Header Files</Filter>
    </ClInclude>
    <ClInclude Include="..\..\item\rpg_item_magicalprerequisites.h">
      <Filter>Header Files</Filter>
    </ClInclude>
    <ClInclude Include="..\..\item\rpg_item_money.h">
      <Filter>Header Files</Filter>
    </ClInclude>
    <ClInclude Include="..\..\item\rpg_item_propertiesbase.h">
      <Filter>Header Files</Filter>
    </ClInclude>
    <ClInclude Include="..\..\item\rpg_item_storeprice.h">
      <Filter>Header Files</Filter>
    </ClInclude>
    <ClInclude Include="..\..\item\rpg_item_type.h">
      <Filter>Header Files</Filter>
    </ClInclude>
    <ClInclude Include="..\..\item\rpg_item_weapon.h">
      <Filter>Header Files</Filter>
    </ClInclude>
    <ClInclude Include="..\..\item\rpg_item_weaponcategory.h">
      <Filter>Header Files</Filter>
    </ClInclude>
    <ClInclude Include="..\..\item\rpg_item_weaponclass.h">
      <Filter>Header Files</Filter>
    </ClInclude>
    <ClInclude Include="..\..\item\rpg_item_weaponpropertiesbase.h">
      <Filter>Header Files</Filter>
    </ClInclude>
    <ClInclude Include="..\..\item\rpg_item_weaponpropertiesxml.h">
      <Filter>Header Files</Filter>
    </ClInclude>
    <ClInclude Include="..\..\item\rpg_item_weapontype.h">
      <Filter>Header Files</Filter>
    </ClInclude>
    <ClInclude Include="..\..\item\rpg_item_xml.h">
      <Filter>Header Files</Filter>
    </ClInclude>
    <ClInclude Include="..\..\item\rpg_item_XML_parser.h">
      <Filter>Header Files</Filter>
    </ClInclude>
    <ClInclude Include="..\..\item\rpg_item_XML_tree.h">
      <Filter>Header Files</Filter>
    </ClInclude>
    <ClInclude Include="..\..\item\rpg_item_XML_types.h">
      <Filter>Header Files</Filter>
    </ClInclude>
    <ClInclude Include="..\..\item\stdafx.h">
      <Filter>Header Files</Filter>
    </ClInclude>
  </ItemGroup>
  <ItemGroup>
    <Xml Include="..\..\item\rpg_item.xml">
      <Filter>XML</Filter>
    </Xml>
  </ItemGroup>
  <ItemGroup>
    <None Include="..\..\item\rpg_item.map">
      <Filter>XML</Filter>
    </None>
    <None Include="..\..\item\scripts\bindings.bat">
      <Filter>scripts</Filter>
    </None>
  </ItemGroup>
  <ItemGroup>
    <CXX_Tree_Mapping_Rule Include="..\..\item\rpg_item.xsd">
      <Filter>XML</Filter>
    </CXX_Tree_Mapping_Rule>
  </ItemGroup>
</Project>