<?xml version="1.0" encoding="utf-8"?>
<Project ToolsVersion="4.0" xmlns="http://schemas.microsoft.com/developer/msbuild/2003">
  <ItemGroup>
    <Filter Include="Source Files">
      <UniqueIdentifier>{4FC737F1-C7A5-4376-A066-2A32D752A2FF}</UniqueIdentifier>
      <Extensions>cpp;c;cc;cxx;def;odl;idl;hpj;bat;asm;asmx</Extensions>
    </Filter>
    <Filter Include="Header Files">
      <UniqueIdentifier>{93995380-89BD-4b04-88EB-625FBE52EBFB}</UniqueIdentifier>
      <Extensions>h;hpp;hxx;hm;inl;inc;xsd</Extensions>
    </Filter>
    <Filter Include="Resource Files">
      <UniqueIdentifier>{67DA6AB6-F800-4c08-8B7A-83BB121AAD01}</UniqueIdentifier>
      <Extensions>rc;ico;cur;bmp;dlg;rc2;rct;bin;rgs;gif;jpg;jpeg;jpe;resx;tiff;tif;png;wav;mfcribbon-ms</Extensions>
    </Filter>
    <Filter Include="scripts">
      <UniqueIdentifier>{07fd5018-0875-401f-b5cc-6383e73b4554}</UniqueIdentifier>
    </Filter>
  </ItemGroup>
  <ItemGroup>
    <ClInclude Include="..\..\net\protocol\rpg_net_protocol_common.h">
      <Filter>Header Files</Filter>
    </ClInclude>
    <ClInclude Include="..\..\net\protocol\rpg_net_protocol_common_modules.h">
      <Filter>Header Files</Filter>
    </ClInclude>
    <ClInclude Include="..\..\net\protocol\rpg_net_protocol_defines.h">
      <Filter>Header Files</Filter>
    </ClInclude>
    <ClInclude Include="..\..\net\protocol\rpg_net_protocol_exports.h">
      <Filter>Header Files</Filter>
    </ClInclude>
    <ClInclude Include="..\..\net\protocol\rpg_net_protocol_iIRCControl.h">
      <Filter>Header Files</Filter>
    </ClInclude>
    <ClInclude Include="..\..\net\protocol\rpg_net_protocol_IRC_codes.h">
      <Filter>Header Files</Filter>
    </ClInclude>
    <ClInclude Include="..\..\net\protocol\rpg_net_protocol_IRCbisect.h">
      <Filter>Header Files</Filter>
    </ClInclude>
    <ClInclude Include="..\..\net\protocol\rpg_net_protocol_IRCmessage.h">
      <Filter>Header Files</Filter>
    </ClInclude>
    <ClInclude Include="..\..\net\protocol\rpg_net_protocol_IRCparser.h">
      <Filter>Header Files</Filter>
    </ClInclude>
    <ClInclude Include="..\..\net\protocol\rpg_net_protocol_IRCparser_driver.h">
      <Filter>Header Files</Filter>
    </ClInclude>
    <ClInclude Include="..\..\net\protocol\rpg_net_protocol_IRCscanner.h">
      <Filter>Header Files</Filter>
    </ClInclude>
    <ClInclude Include="..\..\net\protocol\rpg_net_protocol_message.h">
      <Filter>Header Files</Filter>
    </ClInclude>
    <ClInclude Include="..\..\net\protocol\rpg_net_protocol_messageallocator.h">
      <Filter>Header Files</Filter>
    </ClInclude>
    <ClInclude Include="..\..\net\protocol\rpg_net_protocol_module_IRChandler.h">
      <Filter>Header Files</Filter>
    </ClInclude>
    <ClInclude Include="..\..\net\protocol\rpg_net_protocol_module_IRCparser.h">
      <Filter>Header Files</Filter>
    </ClInclude>
    <ClInclude Include="..\..\net\protocol\rpg_net_protocol_module_IRCsplitter.h">
      <Filter>Header Files</Filter>
    </ClInclude>
    <ClInclude Include="..\..\net\protocol\rpg_net_protocol_module_IRCstreamer.h">
      <Filter>Header Files</Filter>
    </ClInclude>
    <ClInclude Include="..\..\net\protocol\rpg_net_protocol_sessionmessage.h">
      <Filter>Header Files</Filter>
    </ClInclude>
    <ClInclude Include="..\..\net\protocol\rpg_net_protocol_stream.h">
      <Filter>Header Files</Filter>
    </ClInclude>
    <ClInclude Include="..\..\net\protocol\rpg_net_protocol_tools.h">
      <Filter>Header Files</Filter>
    </ClInclude>
    <ClInclude Include="..\..\net\protocol\stdafx.h">
      <Filter>Header Files</Filter>
    </ClInclude>
  </ItemGroup>
  <ItemGroup>
    <ClCompile Include="..\..\net\protocol\rpg_net_protocol_IRCbisect.cpp">
      <Filter>Source Files</Filter>
    </ClCompile>
    <ClCompile Include="..\..\net\protocol\rpg_net_protocol_IRCmessage.cpp">
      <Filter>Source Files</Filter>
    </ClCompile>
    <ClCompile Include="..\..\net\protocol\rpg_net_protocol_IRCparser.cpp">
      <Filter>Source Files</Filter>
    </ClCompile>
    <ClCompile Include="..\..\net\protocol\rpg_net_protocol_IRCparser_driver.cpp">
      <Filter>Source Files</Filter>
    </ClCompile>
    <ClCompile Include="..\..\net\protocol\rpg_net_protocol_IRCscanner.cpp">
      <Filter>Source Files</Filter>
    </ClCompile>
    <ClCompile Include="..\..\net\protocol\rpg_net_protocol_message.cpp">
      <Filter>Source Files</Filter>
    </ClCompile>
    <ClCompile Include="..\..\net\protocol\rpg_net_protocol_messageallocator.cpp">
      <Filter>Source Files</Filter>
    </ClCompile>
    <ClCompile Include="..\..\net\protocol\rpg_net_protocol_module_IRChandler.cpp">
      <Filter>Source Files</Filter>
    </ClCompile>
    <ClCompile Include="..\..\net\protocol\rpg_net_protocol_module_IRCparser.cpp">
      <Filter>Source Files</Filter>
    </ClCompile>
    <ClCompile Include="..\..\net\protocol\rpg_net_protocol_module_IRCsplitter.cpp">
      <Filter>Source Files</Filter>
    </ClCompile>
    <ClCompile Include="..\..\net\protocol\rpg_net_protocol_module_IRCstreamer.cpp">
      <Filter>Source Files</Filter>
    </ClCompile>
    <ClCompile Include="..\..\net\protocol\rpg_net_protocol_sessionmessage.cpp">
      <Filter>Source Files</Filter>
    </ClCompile>
    <ClCompile Include="..\..\net\protocol\rpg_net_protocol_stream.cpp">
      <Filter>Source Files</Filter>
    </ClCompile>
    <ClCompile Include="..\..\net\protocol\rpg_net_protocol_tools.cpp">
      <Filter>Source Files</Filter>
    </ClCompile>
    <ClCompile Include="..\..\net\protocol\stdafx.cpp">
      <Filter>Source Files</Filter>
    </ClCompile>
  </ItemGroup>
  <ItemGroup>
    <None Include="..\..\net\protocol\scripts\exports.bat">
      <Filter>scripts</Filter>
    </None>
    <None Include="..\..\net\protocol\scripts\IRCbisect.l">
      <Filter>scripts</Filter>
    </None>
    <None Include="..\..\net\protocol\scripts\IRCparser.y">
      <Filter>scripts</Filter>
    </None>
    <None Include="..\..\net\protocol\scripts\IRCscanner.l">
      <Filter>scripts</Filter>
    </None>
    <None Include="..\..\net\protocol\scripts\parser.bat">
      <Filter>scripts</Filter>
    </None>
    <None Include="..\..\net\protocol\scripts\scanner.bat">
      <Filter>scripts</Filter>
    </None>
  </ItemGroup>
</Project>