<?xml version="1.0" encoding="utf-8"?>
<Project ToolsVersion="4.0" xmlns="http://schemas.microsoft.com/developer/msbuild/2003">
  <ItemGroup>
    <Filter Include="Source Files">
      <UniqueIdentifier>{4FC737F1-C7A5-4376-A066-2A32D752A2FF}</UniqueIdentifier>
      <Extensions>cpp;c;cc;cxx;def;odl;idl;hpj;bat;asm;asmx</Extensions>
    </Filter>
    <Filter Include="Header Files">
      <UniqueIdentifier>{93995380-89BD-4b04-88EB-625FBE52EBFB}</UniqueIdentifier>
      <Extensions>h;hpp;hxx;hm;inl;inc;xsd</Extensions>
    </Filter>
    <Filter Include="Resource Files">
      <UniqueIdentifier>{67DA6AB6-F800-4c08-8B7A-83BB121AAD01}</UniqueIdentifier>
      <Extensions>rc;ico;cur;bmp;dlg;rc2;rct;bin;rgs;gif;jpg;jpeg;jpe;resx;tiff;tif;png;wav;mfcribbon-ms</Extensions>
    </Filter>
    <Filter Include="scripts">
      <UniqueIdentifier>{f6d07c94-f0fd-4f79-8540-021d582d3ef1}</UniqueIdentifier>
    </Filter>
    <Filter Include="XML">
      <UniqueIdentifier>{76e0cc30-6796-4c78-bbb0-eda8c9357975}</UniqueIdentifier>
      <Extensions>map;xsd;xml</Extensions>
    </Filter>
  </ItemGroup>
  <ItemGroup>
    <ClInclude Include="..\..\sound\rpg_sound.h">
      <Filter>Header Files</Filter>
    </ClInclude>
    <ClInclude Include="..\..\sound\rpg_sound_category.h">
      <Filter>Header Files</Filter>
    </ClInclude>
    <ClInclude Include="..\..\sound\rpg_sound_common.h">
      <Filter>Header Files</Filter>
    </ClInclude>
    <ClInclude Include="..\..\sound\rpg_sound_common_tools.h">
      <Filter>Header Files</Filter>
    </ClInclude>
    <ClInclude Include="..\..\sound\rpg_sound_defines.h">
      <Filter>Header Files</Filter>
    </ClInclude>
    <ClInclude Include="..\..\sound\rpg_sound_dictionary.h">
      <Filter>Header Files</Filter>
    </ClInclude>
    <ClInclude Include="..\..\sound\rpg_sound_event.h">
      <Filter>Header Files</Filter>
    </ClInclude>
    <ClInclude Include="..\..\sound\rpg_sound_event_manager.h">
      <Filter>Header Files</Filter>
    </ClInclude>
    <ClInclude Include="..\..\sound\rpg_sound_exports.h">
      <Filter>Header Files</Filter>
    </ClInclude>
    <ClInclude Include="..\..\sound\rpg_sound_incl.h">
      <Filter>Header Files</Filter>
    </ClInclude>
    <ClInclude Include="..\..\sound\rpg_sound_XML_parser.h">
      <Filter>Header Files</Filter>
    </ClInclude>
    <ClInclude Include="..\..\sound\rpg_sound_XML_types.h">
      <Filter>Header Files</Filter>
    </ClInclude>
    <ClInclude Include="..\..\sound\stdafx.h">
      <Filter>Header Files</Filter>
    </ClInclude>
  </ItemGroup>
  <ItemGroup>
    <ClCompile Include="..\..\sound\rpg_sound_common_tools.cpp">
      <Filter>Source Files</Filter>
    </ClCompile>
    <ClCompile Include="..\..\sound\rpg_sound_dictionary.cpp">
      <Filter>Source Files</Filter>
    </ClCompile>
    <ClCompile Include="..\..\sound\rpg_sound_event_manager.cpp">
      <Filter>Source Files</Filter>
    </ClCompile>
    <ClCompile Include="..\..\sound\rpg_sound_XML_parser.cpp">
      <Filter>Source Files</Filter>
    </ClCompile>
    <ClCompile Include="..\..\sound\rpg_sound_XML_types.cpp">
      <Filter>Source Files</Filter>
    </ClCompile>
    <ClCompile Include="..\..\sound\stdafx.cpp">
      <Filter>Source Files</Filter>
    </ClCompile>
  </ItemGroup>
  <ItemGroup>
    <None Include="..\..\sound\rpg_sound.map">
      <Filter>XML</Filter>
    </None>
    <None Include="..\..\sound\scripts\bindings.bat">
      <Filter>scripts</Filter>
    </None>
  </ItemGroup>
  <ItemGroup>
    <Xml Include="..\..\sound\rpg_sound.xml">
      <Filter>XML</Filter>
    </Xml>
  </ItemGroup>
  <ItemGroup>
    <CXX_Tree_Mapping_Rule Include="..\..\sound\rpg_sound.xsd">
      <Filter>XML</Filter>
    </CXX_Tree_Mapping_Rule>
  </ItemGroup>
</Project>