
Microsoft Visual Studio Solution File, Format Version 12.00
# Visual Studio Express 2013 for Windows Desktop
VisualStudioVersion = 12.0.30723.0
MinimumVisualStudioVersion = 10.0.40219.1
Project("{8BC9CEB8-8B4A-11D0-8D11-00A0C91BC942}") = "Yarp", "Yarp.vcxproj", "{A7E58929-F8EE-41C9-B1A8-29889E371B08}"
EndProject
Project("{8BC9CEB8-8B4A-11D0-8D11-00A0C91BC942}") = "chance", "chance.vcxproj", "{680D55C6-2821-4D27-ACD2-88873D145794}"
EndProject
Project("{8BC9CEB8-8B4A-11D0-8D11-00A0C91BC942}") = "character", "character.vcxproj", "{D93F14B1-CFE8-45DF-816D-06AB1CA74CD6}"
EndProject
Project("{8BC9CEB8-8B4A-11D0-8D11-00A0C91BC942}") = "client", "client.vcxproj", "{DF9CE33E-5060-48A6-B105-0B61FEDF6AE6}"
EndProject
Project("{8BC9CEB8-8B4A-11D0-8D11-00A0C91BC942}") = "combat", "combat.vcxproj", "{AB56C6B4-CDC5-4464-9B00-E798451096ED}"
EndProject
Project("{8BC9CEB8-8B4A-11D0-8D11-00A0C91BC942}") = "common", "common.vcxproj", "{5633F302-FF53-4014-8587-7BB1F35561CD}"
EndProject
Project("{8BC9CEB8-8B4A-11D0-8D11-00A0C91BC942}") = "engine", "engine.vcxproj", "{6512261A-32D3-4877-BE0C-5D24E88B3B23}"
EndProject
Project("{8BC9CEB8-8B4A-11D0-8D11-00A0C91BC942}") = "graphics", "graphics.vcxproj", "{DC39B751-377F-4093-9F76-4821F97F4DE5}"
EndProject
Project("{8BC9CEB8-8B4A-11D0-8D11-00A0C91BC942}") = "item", "item.vcxproj", "{63173994-11A3-40D3-B835-63A0E9A8BFE3}"
EndProject
Project("{8BC9CEB8-8B4A-11D0-8D11-00A0C91BC942}") = "magic", "magic.vcxproj", "{6867CF99-3611-4345-B992-85780C27119E}"
EndProject
Project("{8BC9CEB8-8B4A-11D0-8D11-00A0C91BC942}") = "map", "map.vcxproj", "{E1B4AAC5-F8C0-469F-9BE3-E3A93B01ED84}"
EndProject
Project("{8BC9CEB8-8B4A-11D0-8D11-00A0C91BC942}") = "test_u_map_vision", "map_vision.vcxproj", "{837B8F9A-A2FC-4B60-A716-C6EB6FCEAE40}"
EndProject
Project("{8BC9CEB8-8B4A-11D0-8D11-00A0C91BC942}") = "net", "net.vcxproj", "{AA720739-6711-4CFE-8E54-0D5ABFA83963}"
EndProject
Project("{8BC9CEB8-8B4A-11D0-8D11-00A0C91BC942}") = "net_client", "net_client.vcxproj", "{47DB7C91-607E-4773-B139-A45ABAF3CA00}"
EndProject
Project("{8BC9CEB8-8B4A-11D0-8D11-00A0C91BC942}") = "net_server", "net_server.vcxproj", "{9CBD2CEE-257D-42F2-A88F-AE6A4622F9AE}"
EndProject
Project("{8BC9CEB8-8B4A-11D0-8D11-00A0C91BC942}") = "sound", "sound.vcxproj", "{D55B85FF-FD26-43DE-A8B1-8833AC97B05C}"
EndProject
Project("{8BC9CEB8-8B4A-11D0-8D11-00A0C91BC942}") = "test_u_chance_dice", "test_u_chance.vcxproj", "{F6E3E766-C287-45F5-B433-ECF3FA89A4C3}"
EndProject
Project("{8BC9CEB8-8B4A-11D0-8D11-00A0C91BC942}") = "test_u_chance_rangeToRoll", "test_u_chance2.vcxproj", "{27628C8D-C6E9-4213-B897-56BF29EFE65F}"
EndProject
Project("{8BC9CEB8-8B4A-11D0-8D11-00A0C91BC942}") = "test_u_character_parser", "test_u_character.vcxproj", "{C795B3BB-F6DC-4857-8CAE-A6C1173F6D7E}"
EndProject
Project("{8BC9CEB8-8B4A-11D0-8D11-00A0C91BC942}") = "test_u_character_generator", "test_u_character2.vcxproj", "{C282B304-AF0F-4C27-9F17-9344C46E93AC}"
EndProject
Project("{8BC9CEB8-8B4A-11D0-8D11-00A0C91BC942}") = "test_u_character_generator_gui", "test_u_character3.vcxproj", "{29AF366D-9D9D-4CAC-A612-5120FD6AA4EB}"
EndProject
Project("{8BC9CEB8-8B4A-11D0-8D11-00A0C91BC942}") = "test_u_client_gui", "test_u_client.vcxproj", "{3AE469E3-4F34-4D0A-9581-0B6467D1705B}"
EndProject
Project("{8BC9CEB8-8B4A-11D0-8D11-00A0C91BC942}") = "test_u_combat_simulator", "test_u_combat.vcxproj", "{18A50294-6BF3-47AA-9631-565A8DE33644}"
EndProject
Project("{8BC9CEB8-8B4A-11D0-8D11-00A0C91BC942}") = "test_u_graphics_parser", "test_u_graphics_parser.vcxproj", "{F86FE815-92D2-4936-84DA-DB19BA1961AD}"
EndProject
Project("{8BC9CEB8-8B4A-11D0-8D11-00A0C91BC942}") = "test_u_graphics_SDL_gui", "test_u_graphics_SDL_gui.vcxproj", "{B5C8BFE1-0C3F-41D3-8E43-08DBA07B61A8}"
EndProject
Project("{8BC9CEB8-8B4A-11D0-8D11-00A0C91BC942}") = "test_u_item_parser", "test_u_item_parser.vcxproj", "{63F45860-AC44-484E-B8CC-BCC2C4799C8B}"
EndProject
Project("{8BC9CEB8-8B4A-11D0-8D11-00A0C91BC942}") = "test_u_magic_parser", "test_u_magic_parser.vcxproj", "{0993BCA1-BB57-4DEE-A0A0-BE8C625AFAD4}"
EndProject
Project("{8BC9CEB8-8B4A-11D0-8D11-00A0C91BC942}") = "test_u_map_generator", "test_u_map_generator.vcxproj", "{FC5BD0A7-0E8B-4B63-98C0-B3CC12686B77}"
EndProject
Project("{8BC9CEB8-8B4A-11D0-8D11-00A0C91BC942}") = "test_u_map_parser", "test_u_map_parser.vcxproj", "{A4BE779E-A2D6-4D2F-B93B-6D3A0DB4C6F7}"
EndProject
Project("{8BC9CEB8-8B4A-11D0-8D11-00A0C91BC942}") = "test_u_map_path_finder", "test_u_map_path_finder.vcxproj", "{CEC1CAF0-C87D-4095-9D0A-C3DE1DC50425}"
EndProject
Project("{8BC9CEB8-8B4A-11D0-8D11-00A0C91BC942}") = "test_u_map_vision_gui", "test_u_map_vision_gui.vcxproj", "{5F031420-E549-4442-AE91-91D7307FE212}"
EndProject
Project("{8BC9CEB8-8B4A-11D0-8D11-00A0C91BC942}") = "test_u_monster_parser", "test_u_monster.vcxproj", "{20053AC9-B17A-4B26-A78D-B1641D33258F}"
EndProject
Project("{8BC9CEB8-8B4A-11D0-8D11-00A0C91BC942}") = "test_u_net_client", "test_u_net_client.vcxproj", "{6D91015A-553A-4512-8EEE-0DA6230A2DF7}"
EndProject
Project("{8BC9CEB8-8B4A-11D0-8D11-00A0C91BC942}") = "test_u_net_protocol_client", "test_u_net_protocol_client.vcxproj", "{2DC1F873-1EA8-42E3-9708-1743A487EA1A}"
EndProject
Project("{8BC9CEB8-8B4A-11D0-8D11-00A0C91BC942}") = "test_u_net_protocol_client_gui", "test_u_net_protocol_client_gui.vcxproj", "{3CD65736-91A6-4BD3-92AC-1D9FCE838908}"
EndProject
Project("{8BC9CEB8-8B4A-11D0-8D11-00A0C91BC942}") = "test_u_net_server", "test_u_net_server.vcxproj", "{B8422D9F-1595-4C6E-B6C4-F5A96E35AA80}"
EndProject
Project("{8BC9CEB8-8B4A-11D0-8D11-00A0C91BC942}") = "test_u_map_path_finder_gui", "test_u_path_finder_gui.vcxproj", "{10A14AEB-4BBD-4C77-9D12-424125C4428C}"
EndProject
Project("{8BC9CEB8-8B4A-11D0-8D11-00A0C91BC942}") = "test_u_sound_parser", "test_u_sound_parser.vcxproj", "{5C4ACB74-6577-4733-A2F5-F97F98D64E6F}"
EndProject
Project("{8BC9CEB8-8B4A-11D0-8D11-00A0C91BC942}") = "dice", "dice.vcxproj", "{371EAC10-4D0B-4F1D-8DEA-351DC54C7433}"
EndProject
Project("{8BC9CEB8-8B4A-11D0-8D11-00A0C91BC942}") = "monster", "monster.vcxproj", "{F306A4B7-0D19-4322-B891-11E528EBD50C}"
EndProject
Project("{8BC9CEB8-8B4A-11D0-8D11-00A0C91BC942}") = "player", "player.vcxproj", "{C0095F69-560D-4C7D-82DE-078644135735}"
EndProject
Project("{8BC9CEB8-8B4A-11D0-8D11-00A0C91BC942}") = "protocol", "protocol.vcxproj", "{A0066128-9E16-47C8-9697-78BE571B8445}"
EndProject
Project("{8BC9CEB8-8B4A-11D0-8D11-00A0C91BC942}") = "stream", "stream.vcxproj", "{EF66F896-AED2-4E31-8222-4424970E4357}"
EndProject
Project("{2150E333-8FDC-42A3-9474-1A3956D46DE8}") = "Solution Items", "Solution Items", "{A0EE7C21-7714-4449-83BA-37DC2C8A90D7}"
EndProject
Project("{8BC9CEB8-8B4A-11D0-8D11-00A0C91BC942}") = "XML2CppCode", "XML2CppCode.vcxproj", "{7CFF8B93-971B-40AE-A875-2C83E1F37002}"
EndProject
Global
	GlobalSection(SolutionConfigurationPlatforms) = preSolution
		Debug|Win32 = Debug|Win32
		Release|Win32 = Release|Win32
	EndGlobalSection
	GlobalSection(ProjectConfigurationPlatforms) = postSolution
		{A7E58929-F8EE-41C9-B1A8-29889E371B08}.Debug|Win32.ActiveCfg = Debug|Win32
		{A7E58929-F8EE-41C9-B1A8-29889E371B08}.Release|Win32.ActiveCfg = Release|Win32
		{A7E58929-F8EE-41C9-B1A8-29889E371B08}.Release|Win32.Build.0 = Release|Win32
		{680D55C6-2821-4D27-ACD2-88873D145794}.Debug|Win32.ActiveCfg = Debug|Win32
		{680D55C6-2821-4D27-ACD2-88873D145794}.Debug|Win32.Build.0 = Debug|Win32
		{680D55C6-2821-4D27-ACD2-88873D145794}.Release|Win32.ActiveCfg = Release|Win32
		{680D55C6-2821-4D27-ACD2-88873D145794}.Release|Win32.Build.0 = Release|Win32
		{D93F14B1-CFE8-45DF-816D-06AB1CA74CD6}.Debug|Win32.ActiveCfg = Debug|Win32
		{D93F14B1-CFE8-45DF-816D-06AB1CA74CD6}.Debug|Win32.Build.0 = Debug|Win32
		{D93F14B1-CFE8-45DF-816D-06AB1CA74CD6}.Release|Win32.ActiveCfg = Release|Win32
		{D93F14B1-CFE8-45DF-816D-06AB1CA74CD6}.Release|Win32.Build.0 = Release|Win32
		{DF9CE33E-5060-48A6-B105-0B61FEDF6AE6}.Debug|Win32.ActiveCfg = Debug|Win32
		{DF9CE33E-5060-48A6-B105-0B61FEDF6AE6}.Debug|Win32.Build.0 = Debug|Win32
		{DF9CE33E-5060-48A6-B105-0B61FEDF6AE6}.Release|Win32.ActiveCfg = Release|Win32
		{DF9CE33E-5060-48A6-B105-0B61FEDF6AE6}.Release|Win32.Build.0 = Release|Win32
		{AB56C6B4-CDC5-4464-9B00-E798451096ED}.Debug|Win32.ActiveCfg = Debug|Win32
		{AB56C6B4-CDC5-4464-9B00-E798451096ED}.Debug|Win32.Build.0 = Debug|Win32
		{AB56C6B4-CDC5-4464-9B00-E798451096ED}.Release|Win32.ActiveCfg = Release|Win32
		{AB56C6B4-CDC5-4464-9B00-E798451096ED}.Release|Win32.Build.0 = Release|Win32
		{5633F302-FF53-4014-8587-7BB1F35561CD}.Debug|Win32.ActiveCfg = Debug|Win32
		{5633F302-FF53-4014-8587-7BB1F35561CD}.Debug|Win32.Build.0 = Debug|Win32
		{5633F302-FF53-4014-8587-7BB1F35561CD}.Release|Win32.ActiveCfg = Release|Win32
		{5633F302-FF53-4014-8587-7BB1F35561CD}.Release|Win32.Build.0 = Release|Win32
		{6512261A-32D3-4877-BE0C-5D24E88B3B23}.Debug|Win32.ActiveCfg = Debug|Win32
		{6512261A-32D3-4877-BE0C-5D24E88B3B23}.Debug|Win32.Build.0 = Debug|Win32
		{6512261A-32D3-4877-BE0C-5D24E88B3B23}.Release|Win32.ActiveCfg = Release|Win32
		{6512261A-32D3-4877-BE0C-5D24E88B3B23}.Release|Win32.Build.0 = Release|Win32
		{DC39B751-377F-4093-9F76-4821F97F4DE5}.Debug|Win32.ActiveCfg = Debug|Win32
		{DC39B751-377F-4093-9F76-4821F97F4DE5}.Debug|Win32.Build.0 = Debug|Win32
		{DC39B751-377F-4093-9F76-4821F97F4DE5}.Release|Win32.ActiveCfg = Release|Win32
		{DC39B751-377F-4093-9F76-4821F97F4DE5}.Release|Win32.Build.0 = Release|Win32
		{63173994-11A3-40D3-B835-63A0E9A8BFE3}.Debug|Win32.ActiveCfg = Debug|Win32
		{63173994-11A3-40D3-B835-63A0E9A8BFE3}.Debug|Win32.Build.0 = Debug|Win32
		{63173994-11A3-40D3-B835-63A0E9A8BFE3}.Release|Win32.ActiveCfg = Release|Win32
		{63173994-11A3-40D3-B835-63A0E9A8BFE3}.Release|Win32.Build.0 = Release|Win32
		{6867CF99-3611-4345-B992-85780C27119E}.Debug|Win32.ActiveCfg = Debug|Win32
		{6867CF99-3611-4345-B992-85780C27119E}.Debug|Win32.Build.0 = Debug|Win32
		{6867CF99-3611-4345-B992-85780C27119E}.Release|Win32.ActiveCfg = Release|Win32
		{6867CF99-3611-4345-B992-85780C27119E}.Release|Win32.Build.0 = Release|Win32
		{E1B4AAC5-F8C0-469F-9BE3-E3A93B01ED84}.Debug|Win32.ActiveCfg = Debug|Win32
		{E1B4AAC5-F8C0-469F-9BE3-E3A93B01ED84}.Debug|Win32.Build.0 = Debug|Win32
		{E1B4AAC5-F8C0-469F-9BE3-E3A93B01ED84}.Release|Win32.ActiveCfg = Release|Win32
		{E1B4AAC5-F8C0-469F-9BE3-E3A93B01ED84}.Release|Win32.Build.0 = Release|Win32
		{837B8F9A-A2FC-4B60-A716-C6EB6FCEAE40}.Debug|Win32.ActiveCfg = Debug|Win32
		{837B8F9A-A2FC-4B60-A716-C6EB6FCEAE40}.Debug|Win32.Build.0 = Debug|Win32
		{837B8F9A-A2FC-4B60-A716-C6EB6FCEAE40}.Release|Win32.ActiveCfg = Release|Win32
		{837B8F9A-A2FC-4B60-A716-C6EB6FCEAE40}.Release|Win32.Build.0 = Release|Win32
		{AA720739-6711-4CFE-8E54-0D5ABFA83963}.Debug|Win32.ActiveCfg = Debug|Win32
		{AA720739-6711-4CFE-8E54-0D5ABFA83963}.Debug|Win32.Build.0 = Debug|Win32
		{AA720739-6711-4CFE-8E54-0D5ABFA83963}.Release|Win32.ActiveCfg = Release|Win32
		{AA720739-6711-4CFE-8E54-0D5ABFA83963}.Release|Win32.Build.0 = Release|Win32
		{47DB7C91-607E-4773-B139-A45ABAF3CA00}.Debug|Win32.ActiveCfg = Debug|Win32
		{47DB7C91-607E-4773-B139-A45ABAF3CA00}.Debug|Win32.Build.0 = Debug|Win32
		{47DB7C91-607E-4773-B139-A45ABAF3CA00}.Release|Win32.ActiveCfg = Release|Win32
		{47DB7C91-607E-4773-B139-A45ABAF3CA00}.Release|Win32.Build.0 = Release|Win32
		{9CBD2CEE-257D-42F2-A88F-AE6A4622F9AE}.Debug|Win32.ActiveCfg = Debug|Win32
		{9CBD2CEE-257D-42F2-A88F-AE6A4622F9AE}.Debug|Win32.Build.0 = Debug|Win32
		{9CBD2CEE-257D-42F2-A88F-AE6A4622F9AE}.Release|Win32.ActiveCfg = Release|Win32
		{9CBD2CEE-257D-42F2-A88F-AE6A4622F9AE}.Release|Win32.Build.0 = Release|Win32
		{D55B85FF-FD26-43DE-A8B1-8833AC97B05C}.Debug|Win32.ActiveCfg = Debug|Win32
		{D55B85FF-FD26-43DE-A8B1-8833AC97B05C}.Debug|Win32.Build.0 = Debug|Win32
		{D55B85FF-FD26-43DE-A8B1-8833AC97B05C}.Release|Win32.ActiveCfg = Release|Win32
		{D55B85FF-FD26-43DE-A8B1-8833AC97B05C}.Release|Win32.Build.0 = Release|Win32
		{F6E3E766-C287-45F5-B433-ECF3FA89A4C3}.Debug|Win32.ActiveCfg = Debug|Win32
		{F6E3E766-C287-45F5-B433-ECF3FA89A4C3}.Debug|Win32.Build.0 = Debug|Win32
		{F6E3E766-C287-45F5-B433-ECF3FA89A4C3}.Release|Win32.ActiveCfg = Release|Win32
		{F6E3E766-C287-45F5-B433-ECF3FA89A4C3}.Release|Win32.Build.0 = Release|Win32
		{27628C8D-C6E9-4213-B897-56BF29EFE65F}.Debug|Win32.ActiveCfg = Debug|Win32
		{27628C8D-C6E9-4213-B897-56BF29EFE65F}.Debug|Win32.Build.0 = Debug|Win32
		{27628C8D-C6E9-4213-B897-56BF29EFE65F}.Release|Win32.ActiveCfg = Release|Win32
		{27628C8D-C6E9-4213-B897-56BF29EFE65F}.Release|Win32.Build.0 = Release|Win32
		{C795B3BB-F6DC-4857-8CAE-A6C1173F6D7E}.Debug|Win32.ActiveCfg = Debug|Win32
		{C795B3BB-F6DC-4857-8CAE-A6C1173F6D7E}.Debug|Win32.Build.0 = Debug|Win32
		{C795B3BB-F6DC-4857-8CAE-A6C1173F6D7E}.Release|Win32.ActiveCfg = Release|Win32
		{C795B3BB-F6DC-4857-8CAE-A6C1173F6D7E}.Release|Win32.Build.0 = Release|Win32
		{C282B304-AF0F-4C27-9F17-9344C46E93AC}.Debug|Win32.ActiveCfg = Debug|Win32
		{C282B304-AF0F-4C27-9F17-9344C46E93AC}.Debug|Win32.Build.0 = Debug|Win32
		{C282B304-AF0F-4C27-9F17-9344C46E93AC}.Release|Win32.ActiveCfg = Release|Win32
		{C282B304-AF0F-4C27-9F17-9344C46E93AC}.Release|Win32.Build.0 = Release|Win32
		{29AF366D-9D9D-4CAC-A612-5120FD6AA4EB}.Debug|Win32.ActiveCfg = Debug|Win32
		{29AF366D-9D9D-4CAC-A612-5120FD6AA4EB}.Debug|Win32.Build.0 = Debug|Win32
		{29AF366D-9D9D-4CAC-A612-5120FD6AA4EB}.Release|Win32.ActiveCfg = Release|Win32
		{29AF366D-9D9D-4CAC-A612-5120FD6AA4EB}.Release|Win32.Build.0 = Release|Win32
		{3AE469E3-4F34-4D0A-9581-0B6467D1705B}.Debug|Win32.ActiveCfg = Debug|Win32
		{3AE469E3-4F34-4D0A-9581-0B6467D1705B}.Debug|Win32.Build.0 = Debug|Win32
		{3AE469E3-4F34-4D0A-9581-0B6467D1705B}.Release|Win32.ActiveCfg = Release|Win32
		{3AE469E3-4F34-4D0A-9581-0B6467D1705B}.Release|Win32.Build.0 = Release|Win32
		{18A50294-6BF3-47AA-9631-565A8DE33644}.Debug|Win32.ActiveCfg = Debug|Win32
		{18A50294-6BF3-47AA-9631-565A8DE33644}.Debug|Win32.Build.0 = Debug|Win32
		{18A50294-6BF3-47AA-9631-565A8DE33644}.Release|Win32.ActiveCfg = Release|Win32
		{18A50294-6BF3-47AA-9631-565A8DE33644}.Release|Win32.Build.0 = Release|Win32
		{F86FE815-92D2-4936-84DA-DB19BA1961AD}.Debug|Win32.ActiveCfg = Debug|Win32
		{F86FE815-92D2-4936-84DA-DB19BA1961AD}.Debug|Win32.Build.0 = Debug|Win32
		{F86FE815-92D2-4936-84DA-DB19BA1961AD}.Release|Win32.ActiveCfg = Release|Win32
		{F86FE815-92D2-4936-84DA-DB19BA1961AD}.Release|Win32.Build.0 = Release|Win32
		{B5C8BFE1-0C3F-41D3-8E43-08DBA07B61A8}.Debug|Win32.ActiveCfg = Debug|Win32
		{B5C8BFE1-0C3F-41D3-8E43-08DBA07B61A8}.Debug|Win32.Build.0 = Debug|Win32
		{B5C8BFE1-0C3F-41D3-8E43-08DBA07B61A8}.Release|Win32.ActiveCfg = Release|Win32
		{B5C8BFE1-0C3F-41D3-8E43-08DBA07B61A8}.Release|Win32.Build.0 = Release|Win32
		{63F45860-AC44-484E-B8CC-BCC2C4799C8B}.Debug|Win32.ActiveCfg = Debug|Win32
		{63F45860-AC44-484E-B8CC-BCC2C4799C8B}.Debug|Win32.Build.0 = Debug|Win32
		{63F45860-AC44-484E-B8CC-BCC2C4799C8B}.Release|Win32.ActiveCfg = Release|Win32
		{63F45860-AC44-484E-B8CC-BCC2C4799C8B}.Release|Win32.Build.0 = Release|Win32
		{0993BCA1-BB57-4DEE-A0A0-BE8C625AFAD4}.Debug|Win32.ActiveCfg = Debug|Win32
		{0993BCA1-BB57-4DEE-A0A0-BE8C625AFAD4}.Debug|Win32.Build.0 = Debug|Win32
		{0993BCA1-BB57-4DEE-A0A0-BE8C625AFAD4}.Release|Win32.ActiveCfg = Release|Win32
		{0993BCA1-BB57-4DEE-A0A0-BE8C625AFAD4}.Release|Win32.Build.0 = Release|Win32
		{FC5BD0A7-0E8B-4B63-98C0-B3CC12686B77}.Debug|Win32.ActiveCfg = Debug|Win32
		{FC5BD0A7-0E8B-4B63-98C0-B3CC12686B77}.Debug|Win32.Build.0 = Debug|Win32
		{FC5BD0A7-0E8B-4B63-98C0-B3CC12686B77}.Release|Win32.ActiveCfg = Release|Win32
		{FC5BD0A7-0E8B-4B63-98C0-B3CC12686B77}.Release|Win32.Build.0 = Release|Win32
		{A4BE779E-A2D6-4D2F-B93B-6D3A0DB4C6F7}.Debug|Win32.ActiveCfg = Debug|Win32
		{A4BE779E-A2D6-4D2F-B93B-6D3A0DB4C6F7}.Debug|Win32.Build.0 = Debug|Win32
		{A4BE779E-A2D6-4D2F-B93B-6D3A0DB4C6F7}.Release|Win32.ActiveCfg = Release|Win32
		{A4BE779E-A2D6-4D2F-B93B-6D3A0DB4C6F7}.Release|Win32.Build.0 = Release|Win32
		{CEC1CAF0-C87D-4095-9D0A-C3DE1DC50425}.Debug|Win32.ActiveCfg = Debug|Win32
		{CEC1CAF0-C87D-4095-9D0A-C3DE1DC50425}.Debug|Win32.Build.0 = Debug|Win32
		{CEC1CAF0-C87D-4095-9D0A-C3DE1DC50425}.Release|Win32.ActiveCfg = Release|Win32
		{CEC1CAF0-C87D-4095-9D0A-C3DE1DC50425}.Release|Win32.Build.0 = Release|Win32
		{5F031420-E549-4442-AE91-91D7307FE212}.Debug|Win32.ActiveCfg = Debug|Win32
		{5F031420-E549-4442-AE91-91D7307FE212}.Debug|Win32.Build.0 = Debug|Win32
		{5F031420-E549-4442-AE91-91D7307FE212}.Release|Win32.ActiveCfg = Release|Win32
		{5F031420-E549-4442-AE91-91D7307FE212}.Release|Win32.Build.0 = Release|Win32
		{20053AC9-B17A-4B26-A78D-B1641D33258F}.Debug|Win32.ActiveCfg = Debug|Win32
		{20053AC9-B17A-4B26-A78D-B1641D33258F}.Debug|Win32.Build.0 = Debug|Win32
		{20053AC9-B17A-4B26-A78D-B1641D33258F}.Release|Win32.ActiveCfg = Release|Win32
		{20053AC9-B17A-4B26-A78D-B1641D33258F}.Release|Win32.Build.0 = Release|Win32
		{6D91015A-553A-4512-8EEE-0DA6230A2DF7}.Debug|Win32.ActiveCfg = Debug|Win32
		{6D91015A-553A-4512-8EEE-0DA6230A2DF7}.Debug|Win32.Build.0 = Debug|Win32
		{6D91015A-553A-4512-8EEE-0DA6230A2DF7}.Release|Win32.ActiveCfg = Release|Win32
		{6D91015A-553A-4512-8EEE-0DA6230A2DF7}.Release|Win32.Build.0 = Release|Win32
		{2DC1F873-1EA8-42E3-9708-1743A487EA1A}.Debug|Win32.ActiveCfg = Debug|Win32
		{2DC1F873-1EA8-42E3-9708-1743A487EA1A}.Debug|Win32.Build.0 = Debug|Win32
		{2DC1F873-1EA8-42E3-9708-1743A487EA1A}.Release|Win32.ActiveCfg = Release|Win32
		{2DC1F873-1EA8-42E3-9708-1743A487EA1A}.Release|Win32.Build.0 = Release|Win32
		{3CD65736-91A6-4BD3-92AC-1D9FCE838908}.Debug|Win32.ActiveCfg = Debug|Win32
		{3CD65736-91A6-4BD3-92AC-1D9FCE838908}.Debug|Win32.Build.0 = Debug|Win32
		{3CD65736-91A6-4BD3-92AC-1D9FCE838908}.Release|Win32.ActiveCfg = Release|Win32
		{3CD65736-91A6-4BD3-92AC-1D9FCE838908}.Release|Win32.Build.0 = Release|Win32
		{B8422D9F-1595-4C6E-B6C4-F5A96E35AA80}.Debug|Win32.ActiveCfg = Debug|Win32
		{B8422D9F-1595-4C6E-B6C4-F5A96E35AA80}.Debug|Win32.Build.0 = Debug|Win32
		{B8422D9F-1595-4C6E-B6C4-F5A96E35AA80}.Release|Win32.ActiveCfg = Release|Win32
		{B8422D9F-1595-4C6E-B6C4-F5A96E35AA80}.Release|Win32.Build.0 = Release|Win32
		{10A14AEB-4BBD-4C77-9D12-424125C4428C}.Debug|Win32.ActiveCfg = Debug|Win32
		{10A14AEB-4BBD-4C77-9D12-424125C4428C}.Debug|Win32.Build.0 = Debug|Win32
		{10A14AEB-4BBD-4C77-9D12-424125C4428C}.Release|Win32.ActiveCfg = Release|Win32
		{10A14AEB-4BBD-4C77-9D12-424125C4428C}.Release|Win32.Build.0 = Release|Win32
		{5C4ACB74-6577-4733-A2F5-F97F98D64E6F}.Debug|Win32.ActiveCfg = Debug|Win32
		{5C4ACB74-6577-4733-A2F5-F97F98D64E6F}.Debug|Win32.Build.0 = Debug|Win32
		{5C4ACB74-6577-4733-A2F5-F97F98D64E6F}.Release|Win32.ActiveCfg = Release|Win32
		{5C4ACB74-6577-4733-A2F5-F97F98D64E6F}.Release|Win32.Build.0 = Release|Win32
		{371EAC10-4D0B-4F1D-8DEA-351DC54C7433}.Debug|Win32.ActiveCfg = Debug|Win32
		{371EAC10-4D0B-4F1D-8DEA-351DC54C7433}.Debug|Win32.Build.0 = Debug|Win32
		{371EAC10-4D0B-4F1D-8DEA-351DC54C7433}.Release|Win32.ActiveCfg = Release|Win32
		{371EAC10-4D0B-4F1D-8DEA-351DC54C7433}.Release|Win32.Build.0 = Release|Win32
		{F306A4B7-0D19-4322-B891-11E528EBD50C}.Debug|Win32.ActiveCfg = Debug|Win32
		{F306A4B7-0D19-4322-B891-11E528EBD50C}.Debug|Win32.Build.0 = Debug|Win32
		{F306A4B7-0D19-4322-B891-11E528EBD50C}.Release|Win32.ActiveCfg = Release|Win32
		{F306A4B7-0D19-4322-B891-11E528EBD50C}.Release|Win32.Build.0 = Release|Win32
		{C0095F69-560D-4C7D-82DE-078644135735}.Debug|Win32.ActiveCfg = Debug|Win32
		{C0095F69-560D-4C7D-82DE-078644135735}.Debug|Win32.Build.0 = Debug|Win32
		{C0095F69-560D-4C7D-82DE-078644135735}.Release|Win32.ActiveCfg = Release|Win32
		{C0095F69-560D-4C7D-82DE-078644135735}.Release|Win32.Build.0 = Release|Win32
		{A0066128-9E16-47C8-9697-78BE571B8445}.Debug|Win32.ActiveCfg = Debug|Win32
		{A0066128-9E16-47C8-9697-78BE571B8445}.Debug|Win32.Build.0 = Debug|Win32
		{A0066128-9E16-47C8-9697-78BE571B8445}.Release|Win32.ActiveCfg = Release|Win32
		{A0066128-9E16-47C8-9697-78BE571B8445}.Release|Win32.Build.0 = Release|Win32
		{EF66F896-AED2-4E31-8222-4424970E4357}.Debug|Win32.ActiveCfg = Debug|Win32
		{EF66F896-AED2-4E31-8222-4424970E4357}.Debug|Win32.Build.0 = Debug|Win32
		{EF66F896-AED2-4E31-8222-4424970E4357}.Release|Win32.ActiveCfg = Release|Win32
		{EF66F896-AED2-4E31-8222-4424970E4357}.Release|Win32.Build.0 = Release|Win32
		{7CFF8B93-971B-40AE-A875-2C83E1F37002}.Debug|Win32.ActiveCfg = Debug|Win32
		{7CFF8B93-971B-40AE-A875-2C83E1F37002}.Debug|Win32.Build.0 = Debug|Win32
		{7CFF8B93-971B-40AE-A875-2C83E1F37002}.Release|Win32.ActiveCfg = Release|Win32
		{7CFF8B93-971B-40AE-A875-2C83E1F37002}.Release|Win32.Build.0 = Release|Win32
	EndGlobalSection
	GlobalSection(SolutionProperties) = preSolution
		HideSolutionNode = FALSE
	EndGlobalSection
EndGlobal
