<?xml version="1.0" encoding="utf-8"?>
<Project ToolsVersion="4.0" xmlns="http://schemas.microsoft.com/developer/msbuild/2003">
  <ItemGroup>
    <Filter Include="Source Files">
      <UniqueIdentifier>{4FC737F1-C7A5-4376-A066-2A32D752A2FF}</UniqueIdentifier>
      <Extensions>cpp;c;cc;cxx;def;odl;idl;hpj;bat;asm;asmx</Extensions>
    </Filter>
    <Filter Include="Header Files">
      <UniqueIdentifier>{93995380-89BD-4b04-88EB-625FBE52EBFB}</UniqueIdentifier>
      <Extensions>h;hpp;hxx;hm;inl;inc;xsd</Extensions>
    </Filter>
    <Filter Include="Resource Files">
      <UniqueIdentifier>{67DA6AB6-F800-4c08-8B7A-83BB121AAD01}</UniqueIdentifier>
      <Extensions>rc;ico;cur;bmp;dlg;rc2;rct;bin;rgs;gif;jpg;jpeg;jpe;resx;tiff;tif;png;wav;mfcribbon-ms</Extensions>
    </Filter>
    <Filter Include="scripts">
      <UniqueIdentifier>{67ce5c66-18f4-4601-98e0-2a62da8353f2}</UniqueIdentifier>
    </Filter>
    <Filter Include="XML">
      <UniqueIdentifier>{7a70749c-9429-40f3-90fd-125b98c10807}</UniqueIdentifier>
    </Filter>
  </ItemGroup>
  <ItemGroup>
    <ClInclude Include="rpg_engine_command.h">
      <Filter>Header Files</Filter>
    </ClInclude>
    <ClInclude Include="rpg_engine_common.h">
      <Filter>Header Files</Filter>
    </ClInclude>
    <ClInclude Include="rpg_engine_common_tools.h">
      <Filter>Header Files</Filter>
    </ClInclude>
    <ClInclude Include="rpg_engine_defines.h">
      <Filter>Header Files</Filter>
    </ClInclude>
    <ClInclude Include="rpg_engine_exports.h">
      <Filter>Header Files</Filter>
    </ClInclude>
    <ClInclude Include="rpg_engine_incl.h">
      <Filter>Header Files</Filter>
    </ClInclude>
    <ClInclude Include="rpg_engine_iwindow.h">
      <Filter>Header Files</Filter>
    </ClInclude>
    <ClInclude Include="rpg_engine_level.h">
      <Filter>Header Files</Filter>
    </ClInclude>
    <ClInclude Include="rpg_engine_messagequeue.h">
      <Filter>Header Files</Filter>
    </ClInclude>
    <ClInclude Include="rpg_engine_XML_tree.h">
      <Filter>Header Files</Filter>
    </ClInclude>
    <ClInclude Include="rpg_XMLSchema_XML_tree.h">
      <Filter>Header Files</Filter>
    </ClInclude>
    <ClInclude Include="rpg_XMLSchema_XML_types.h">
      <Filter>Header Files</Filter>
    </ClInclude>
  </ItemGroup>
  <ItemGroup>
    <ClCompile Include="rpg_engine_common_tools.cpp">
      <Filter>Source Files</Filter>
    </ClCompile>
    <ClCompile Include="rpg_engine_level.cpp">
      <Filter>Source Files</Filter>
    </ClCompile>
    <ClCompile Include="rpg_engine_messagequeue.cpp">
      <Filter>Source Files</Filter>
    </ClCompile>
    <ClCompile Include="rpg_engine_XML_tree.cpp">
      <Filter>Source Files</Filter>
    </ClCompile>
  </ItemGroup>
  <ItemGroup>
    <None Include="scripts\bindings.bat">
      <Filter>scripts</Filter>
    </None>
  </ItemGroup>
  <ItemGroup>
    <CXX_Tree_Mapping_Rule Include="rpg_engine.xsd">
      <Filter>XML</Filter>
    </CXX_Tree_Mapping_Rule>
  </ItemGroup>
</Project>