<?xml version="1.0" encoding="utf-8"?>
<Project ToolsVersion="4.0" xmlns="http://schemas.microsoft.com/developer/msbuild/2003">
  <ItemGroup>
    <Filter Include="Source Files">
      <UniqueIdentifier>{4FC737F1-C7A5-4376-A066-2A32D752A2FF}</UniqueIdentifier>
      <Extensions>cpp;c;cc;cxx;def;odl;idl;hpj;bat;asm;asmx</Extensions>
    </Filter>
    <Filter Include="Header Files">
      <UniqueIdentifier>{93995380-89BD-4b04-88EB-625FBE52EBFB}</UniqueIdentifier>
      <Extensions>h;hpp;hxx;hm;inl;inc;xsd</Extensions>
    </Filter>
    <Filter Include="scripts">
      <UniqueIdentifier>{511e7a73-d62b-4167-9365-e73afd51e733}</UniqueIdentifier>
    </Filter>
    <Filter Include="XML">
      <UniqueIdentifier>{8cc9ada3-4ff5-49c8-bf49-40969494e750}</UniqueIdentifier>
    </Filter>
    <Filter Include="Resource Files">
      <UniqueIdentifier>{552b8c4e-d95a-49cf-8d14-d920fadf7cc6}</UniqueIdentifier>
    </Filter>
  </ItemGroup>
  <ItemGroup>
    <None Include="scripts\bindings.bat">
      <Filter>scripts</Filter>
    </None>
    <None Include="rpg_monster.map">
      <Filter>XML</Filter>
    </None>
    <None Include="rpg_monster.xml">
      <Filter>XML</Filter>
    </None>
  </ItemGroup>
  <ItemGroup>
    <ClInclude Include="rpg_XMLSchema_XML_types.h">
      <Filter>Header Files</Filter>
    </ClInclude>
    <ClInclude Include="rpg_monster.h">
      <Filter>Header Files</Filter>
    </ClInclude>
    <ClInclude Include="rpg_monster_actiontrigger.h">
      <Filter>Header Files</Filter>
    </ClInclude>
    <ClInclude Include="rpg_monster_advancement.h">
      <Filter>Header Files</Filter>
    </ClInclude>
    <ClInclude Include="rpg_monster_advancementstep.h">
      <Filter>Header Files</Filter>
    </ClInclude>
    <ClInclude Include="rpg_monster_attack.h">
      <Filter>Header Files</Filter>
    </ClInclude>
    <ClInclude Include="rpg_monster_attackaction.h">
      <Filter>Header Files</Filter>
    </ClInclude>
    <ClInclude Include="rpg_monster_common.h">
      <Filter>Header Files</Filter>
    </ClInclude>
    <ClInclude Include="rpg_monster_common_tools.h">
      <Filter>Header Files</Filter>
    </ClInclude>
    <ClInclude Include="rpg_monster_defenseaction.h">
      <Filter>Header Files</Filter>
    </ClInclude>
    <ClInclude Include="rpg_monster_dictionary.h">
      <Filter>Header Files</Filter>
    </ClInclude>
    <ClInclude Include="rpg_monster_exports.h">
      <Filter>Header Files</Filter>
    </ClInclude>
    <ClInclude Include="rpg_monster_incl.h">
      <Filter>Header Files</Filter>
    </ClInclude>
    <ClInclude Include="rpg_monster_naturalarmorclass.h">
      <Filter>Header Files</Filter>
    </ClInclude>
    <ClInclude Include="rpg_monster_naturalweapon.h">
      <Filter>Header Files</Filter>
    </ClInclude>
    <ClInclude Include="rpg_monster_organization.h">
      <Filter>Header Files</Filter>
    </ClInclude>
    <ClInclude Include="rpg_monster_organizations.h">
      <Filter>Header Files</Filter>
    </ClInclude>
    <ClInclude Include="rpg_monster_organizationslaverstep.h">
      <Filter>Header Files</Filter>
    </ClInclude>
    <ClInclude Include="rpg_monster_organizationstep.h">
      <Filter>Header Files</Filter>
    </ClInclude>
    <ClInclude Include="rpg_monster_propertiesxml.h">
      <Filter>Header Files</Filter>
    </ClInclude>
    <ClInclude Include="rpg_monster_savingthrowmodifiers.h">
      <Filter>Header Files</Filter>
    </ClInclude>
    <ClInclude Include="rpg_monster_specialabilityprecondition.h">
      <Filter>Header Files</Filter>
    </ClInclude>
    <ClInclude Include="rpg_monster_specialabilityproperties.h">
      <Filter>Header Files</Filter>
    </ClInclude>
    <ClInclude Include="rpg_monster_specialattackprecondition.h">
      <Filter>Header Files</Filter>
    </ClInclude>
    <ClInclude Include="rpg_monster_specialattackproperties.h">
      <Filter>Header Files</Filter>
    </ClInclude>
    <ClInclude Include="rpg_monster_specialbaseproperties.h">
      <Filter>Header Files</Filter>
    </ClInclude>
    <ClInclude Include="rpg_monster_specialdefenseprecondition.h">
      <Filter>Header Files</Filter>
    </ClInclude>
    <ClInclude Include="rpg_monster_specialdefenseproperties.h">
      <Filter>Header Files</Filter>
    </ClInclude>
    <ClInclude Include="rpg_monster_specialpropertytypeunion.h">
      <Filter>Header Files</Filter>
    </ClInclude>
    <ClInclude Include="rpg_monster_summonmonster.h">
      <Filter>Header Files</Filter>
    </ClInclude>
    <ClInclude Include="rpg_monster_weapontypeunion.h">
      <Filter>Header Files</Filter>
    </ClInclude>
    <ClInclude Include="rpg_monster_XML_parser.h">
      <Filter>Header Files</Filter>
    </ClInclude>
    <ClInclude Include="rpg_monster_XML_types.h">
      <Filter>Header Files</Filter>
    </ClInclude>
    <ClInclude Include="rpg_monster_defines.h">
      <Filter>Header Files</Filter>
    </ClInclude>
    <ClInclude Include="stdafx.h">
      <Filter>Header Files</Filter>
    </ClInclude>
    <ClInclude Include="rpg_monster_size.h">
      <Filter>Header Files</Filter>
    </ClInclude>
  </ItemGroup>
  <ItemGroup>
    <ClCompile Include="rpg_monster.cpp">
      <Filter>Source Files</Filter>
    </ClCompile>
    <ClCompile Include="rpg_monster_common_tools.cpp">
      <Filter>Source Files</Filter>
    </ClCompile>
    <ClCompile Include="rpg_monster_dictionary.cpp">
      <Filter>Source Files</Filter>
    </ClCompile>
    <ClCompile Include="rpg_monster_XML_parser.cpp">
      <Filter>Source Files</Filter>
    </ClCompile>
    <ClCompile Include="rpg_monster_XML_types.cpp">
      <Filter>Source Files</Filter>
    </ClCompile>
    <ClCompile Include="stdafx.cpp">
      <Filter>Source Files</Filter>
    </ClCompile>
  </ItemGroup>
  <ItemGroup>
    <CXX_Tree_Mapping_Rule Include="rpg_monster.xsd">
      <Filter>XML</Filter>
    </CXX_Tree_Mapping_Rule>
  </ItemGroup>
</Project>