<?xml version="1.0" encoding="utf-8"?>
<Project ToolsVersion="4.0" xmlns="http://schemas.microsoft.com/developer/msbuild/2003">
  <ItemGroup>
    <Filter Include="Source Files">
      <UniqueIdentifier>{4FC737F1-C7A5-4376-A066-2A32D752A2FF}</UniqueIdentifier>
      <Extensions>cpp;c;cc;cxx;def;odl;idl;hpj;bat;asm;asmx</Extensions>
    </Filter>
    <Filter Include="Header Files">
      <UniqueIdentifier>{93995380-89BD-4b04-88EB-625FBE52EBFB}</UniqueIdentifier>
      <Extensions>h;hpp;hxx;hm;inl;inc;xsd</Extensions>
    </Filter>
    <Filter Include="scripts">
      <UniqueIdentifier>{55821971-c03a-451a-9b75-3a6aab24d168}</UniqueIdentifier>
    </Filter>
    <Filter Include="XML">
      <UniqueIdentifier>{519fb20f-7509-4eac-9d71-91c26007f4ea}</UniqueIdentifier>
    </Filter>
    <Filter Include="Resource Files">
      <UniqueIdentifier>{e8feeab5-46ae-4f59-8da8-88384c722845}</UniqueIdentifier>
    </Filter>
  </ItemGroup>
  <ItemGroup>
    <None Include="scripts\bindings.bat">
      <Filter>scripts</Filter>
    </None>
  </ItemGroup>
  <ItemGroup>
    <ClCompile Include="rpg_player.cpp">
      <Filter>Source Files</Filter>
    </ClCompile>
    <ClCompile Include="rpg_player_base.cpp">
      <Filter>Source Files</Filter>
    </ClCompile>
    <ClCompile Include="rpg_player_common_tools.cpp">
      <Filter>Source Files</Filter>
    </ClCompile>
    <ClCompile Include="rpg_player_equipment.cpp">
      <Filter>Source Files</Filter>
    </ClCompile>
    <ClCompile Include="rpg_player_inventory.cpp">
      <Filter>Source Files</Filter>
    </ClCompile>
    <ClCompile Include="rpg_player_player_base.cpp">
      <Filter>Source Files</Filter>
    </ClCompile>
    <ClCompile Include="rpg_player_XML_tree.cpp">
      <Filter>Source Files</Filter>
    </ClCompile>
    <ClCompile Include="stdafx.cpp">
      <Filter>Source Files</Filter>
    </ClCompile>
    <ClCompile Include="rpg_player_XML_types.cpp">
      <Filter>Source Files</Filter>
    </ClCompile>
    <ClCompile Include="vs2010_workaround.cpp">
      <Filter>Source Files</Filter>
    </ClCompile>
  </ItemGroup>
  <ItemGroup>
    <ClInclude Include="rpg_player.h">
      <Filter>Header Files</Filter>
    </ClInclude>
    <ClInclude Include="rpg_player_abilities.h">
      <Filter>Header Files</Filter>
    </ClInclude>
    <ClInclude Include="rpg_player_base.h">
      <Filter>Header Files</Filter>
    </ClInclude>
    <ClInclude Include="rpg_player_basexml.h">
      <Filter>Header Files</Filter>
    </ClInclude>
    <ClInclude Include="rpg_player_common.h">
      <Filter>Header Files</Filter>
    </ClInclude>
    <ClInclude Include="rpg_player_common_tools.h">
      <Filter>Header Files</Filter>
    </ClInclude>
    <ClInclude Include="rpg_player_conditions.h">
      <Filter>Header Files</Filter>
    </ClInclude>
    <ClInclude Include="rpg_player_defines.h">
      <Filter>Header Files</Filter>
    </ClInclude>
    <ClInclude Include="rpg_player_equipment.h">
      <Filter>Header Files</Filter>
    </ClInclude>
    <ClInclude Include="rpg_player_equipment_common.h">
      <Filter>Header Files</Filter>
    </ClInclude>
    <ClInclude Include="rpg_player_exports.h">
      <Filter>Header Files</Filter>
    </ClInclude>
    <ClInclude Include="rpg_player_incl.h">
      <Filter>Header Files</Filter>
    </ClInclude>
    <ClInclude Include="rpg_player_inventory.h">
      <Filter>Header Files</Filter>
    </ClInclude>
    <ClInclude Include="rpg_player_player_base.h">
      <Filter>Header Files</Filter>
    </ClInclude>
    <ClInclude Include="rpg_player_playerxml.h">
      <Filter>Header Files</Filter>
    </ClInclude>
    <ClInclude Include="rpg_player_spells.h">
      <Filter>Header Files</Filter>
    </ClInclude>
    <ClInclude Include="rpg_player_XML_tree.h">
      <Filter>Header Files</Filter>
    </ClInclude>
    <ClInclude Include="stdafx.h">
      <Filter>Header Files</Filter>
    </ClInclude>
    <ClInclude Include="rpg_iplayer.h">
      <Filter>Header Files</Filter>
    </ClInclude>
    <ClInclude Include="rpg_player_state.h">
      <Filter>Header Files</Filter>
    </ClInclude>
    <ClInclude Include="rpg_player_XML_types.h">
      <Filter>Header Files</Filter>
    </ClInclude>
  </ItemGroup>
  <ItemGroup>
    <CXX_Tree_Mapping_Rule Include="rpg_player.xsd">
      <Filter>XML</Filter>
    </CXX_Tree_Mapping_Rule>
  </ItemGroup>
</Project>