<?xml version="1.0" encoding="utf-8"?>
<Project ToolsVersion="4.0" xmlns="http://schemas.microsoft.com/developer/msbuild/2003">
  <ItemGroup>
    <Filter Include="Source Files">
      <UniqueIdentifier>{4FC737F1-C7A5-4376-A066-2A32D752A2FF}</UniqueIdentifier>
      <Extensions>cpp;c;cc;cxx;def;odl;idl;hpj;bat;asm;asmx</Extensions>
    </Filter>
    <Filter Include="Header Files">
      <UniqueIdentifier>{93995380-89BD-4b04-88EB-625FBE52EBFB}</UniqueIdentifier>
      <Extensions>h;hpp;hxx;hm;inl;inc;xsd</Extensions>
    </Filter>
    <Filter Include="Resource Files">
      <UniqueIdentifier>{67DA6AB6-F800-4c08-8B7A-83BB121AAD01}</UniqueIdentifier>
      <Extensions>rc;ico;cur;bmp;dlg;rc2;rct;bin;rgs;gif;jpg;jpeg;jpe;resx;tiff;tif;png;wav;mfcribbon-ms</Extensions>
    </Filter>
    <Filter Include="scripts">
      <UniqueIdentifier>{179ca91d-5602-4ef4-8651-8b69a8fffcf5}</UniqueIdentifier>
    </Filter>
    <Filter Include="XML">
      <UniqueIdentifier>{ddfd3956-42ae-4a1c-b834-a997e4981be6}</UniqueIdentifier>
    </Filter>
  </ItemGroup>
  <ItemGroup>
    <ClInclude Include="rpg_XMLSchema_XML_types.h">
      <Filter>Header Files</Filter>
    </ClInclude>
    <ClInclude Include="rpg_magic_abilityclass.h">
      <Filter>Header Files</Filter>
    </ClInclude>
    <ClInclude Include="rpg_magic_abilitytype.h">
      <Filter>Header Files</Filter>
    </ClInclude>
    <ClInclude Include="rpg_magic_casterclassunion.h">
      <Filter>Header Files</Filter>
    </ClInclude>
    <ClInclude Include="rpg_magic_check.h">
      <Filter>Header Files</Filter>
    </ClInclude>
    <ClInclude Include="rpg_magic_checktypeunion.h">
      <Filter>Header Files</Filter>
    </ClInclude>
    <ClInclude Include="rpg_magic_common.h">
      <Filter>Header Files</Filter>
    </ClInclude>
    <ClInclude Include="rpg_magic_common_tools.h">
      <Filter>Header Files</Filter>
    </ClInclude>
    <ClInclude Include="rpg_magic_countermeasure.h">
      <Filter>Header Files</Filter>
    </ClInclude>
    <ClInclude Include="rpg_magic_defines.h">
      <Filter>Header Files</Filter>
    </ClInclude>
    <ClInclude Include="rpg_magic_descriptor.h">
      <Filter>Header Files</Filter>
    </ClInclude>
    <ClInclude Include="rpg_magic_dictionary.h">
      <Filter>Header Files</Filter>
    </ClInclude>
    <ClInclude Include="rpg_magic_domain.h">
      <Filter>Header Files</Filter>
    </ClInclude>
    <ClInclude Include="rpg_magic_incl.h">
      <Filter>Header Files</Filter>
    </ClInclude>
    <ClInclude Include="rpg_magic_school.h">
      <Filter>Header Files</Filter>
    </ClInclude>
    <ClInclude Include="rpg_magic_spell_areaofeffect.h">
      <Filter>Header Files</Filter>
    </ClInclude>
    <ClInclude Include="rpg_magic_spell_castingtime.h">
      <Filter>Header Files</Filter>
    </ClInclude>
    <ClInclude Include="rpg_magic_spell_damagetypeunion.h">
      <Filter>Header Files</Filter>
    </ClInclude>
    <ClInclude Include="rpg_magic_spell_duration.h">
      <Filter>Header Files</Filter>
    </ClInclude>
    <ClInclude Include="rpg_magic_spell_durationproperties.h">
      <Filter>Header Files</Filter>
    </ClInclude>
    <ClInclude Include="rpg_magic_spell_effect.h">
      <Filter>Header Files</Filter>
    </ClInclude>
    <ClInclude Include="rpg_magic_spell_effectproperties.h">
      <Filter>Header Files</Filter>
    </ClInclude>
    <ClInclude Include="rpg_magic_spell_level.h">
      <Filter>Header Files</Filter>
    </ClInclude>
    <ClInclude Include="rpg_magic_spell_precondition.h">
      <Filter>Header Files</Filter>
    </ClInclude>
    <ClInclude Include="rpg_magic_spell_preconditionproperties.h">
      <Filter>Header Files</Filter>
    </ClInclude>
    <ClInclude Include="rpg_magic_spell_propertiesxml.h">
      <Filter>Header Files</Filter>
    </ClInclude>
    <ClInclude Include="rpg_magic_spell_rangeeffect.h">
      <Filter>Header Files</Filter>
    </ClInclude>
    <ClInclude Include="rpg_magic_spell_rangeproperties.h">
      <Filter>Header Files</Filter>
    </ClInclude>
    <ClInclude Include="rpg_magic_spell_target.h">
      <Filter>Header Files</Filter>
    </ClInclude>
    <ClInclude Include="rpg_magic_spell_targetproperties.h">
      <Filter>Header Files</Filter>
    </ClInclude>
    <ClInclude Include="rpg_magic_spell_type.h">
      <Filter>Header Files</Filter>
    </ClInclude>
    <ClInclude Include="rpg_magic_spelllikeproperties.h">
      <Filter>Header Files</Filter>
    </ClInclude>
    <ClInclude Include="rpg_magic_spelltype.h">
      <Filter>Header Files</Filter>
    </ClInclude>
    <ClInclude Include="rpg_magic_subschool.h">
      <Filter>Header Files</Filter>
    </ClInclude>
    <ClInclude Include="rpg_magic_XML_parser.h">
      <Filter>Header Files</Filter>
    </ClInclude>
    <ClInclude Include="rpg_magic_XML_tree.h">
      <Filter>Header Files</Filter>
    </ClInclude>
    <ClInclude Include="rpg_magic_XML_types.h">
      <Filter>Header Files</Filter>
    </ClInclude>
    <ClInclude Include="rpg_XMLSchema_XML_tree.h">
      <Filter>Header Files</Filter>
    </ClInclude>
    <ClInclude Include="rpg_magic_exports.h">
      <Filter>Header Files</Filter>
    </ClInclude>
    <ClInclude Include="stdafx.h">
      <Filter>Header Files</Filter>
    </ClInclude>
  </ItemGroup>
  <ItemGroup>
    <None Include="rpg_magic.xml">
      <Filter>XML</Filter>
    </None>
    <None Include="rpg_magic.map">
      <Filter>XML</Filter>
    </None>
    <None Include="scripts\bindings.bat">
      <Filter>scripts</Filter>
    </None>
  </ItemGroup>
  <ItemGroup>
    <ClCompile Include="rpg_magic_common_tools.cpp">
      <Filter>Source Files</Filter>
    </ClCompile>
    <ClCompile Include="rpg_magic_dictionary.cpp">
      <Filter>Source Files</Filter>
    </ClCompile>
    <ClCompile Include="rpg_magic_XML_parser.cpp">
      <Filter>Source Files</Filter>
    </ClCompile>
    <ClCompile Include="rpg_magic_XML_tree.cpp">
      <Filter>Source Files</Filter>
    </ClCompile>
    <ClCompile Include="rpg_magic_XML_types.cpp">
      <Filter>Source Files</Filter>
    </ClCompile>
    <ClCompile Include="stdafx.cpp">
      <Filter>Source Files</Filter>
    </ClCompile>
  </ItemGroup>
  <ItemGroup>
    <CXX_Parser_Mapping_Rule Include="rpg_magic.xsd">
      <Filter>XML</Filter>
    </CXX_Parser_Mapping_Rule>
  </ItemGroup>
</Project>