<?xml version="1.0" encoding="utf-8"?>
<Project ToolsVersion="4.0" xmlns="http://schemas.microsoft.com/developer/msbuild/2003">
  <ItemGroup>
    <Filter Include="Source Files">
      <UniqueIdentifier>{4FC737F1-C7A5-4376-A066-2A32D752A2FF}</UniqueIdentifier>
      <Extensions>cpp;c;cc;cxx;def;odl;idl;hpj;bat;asm;asmx</Extensions>
    </Filter>
    <Filter Include="Header Files">
      <UniqueIdentifier>{93995380-89BD-4b04-88EB-625FBE52EBFB}</UniqueIdentifier>
      <Extensions>h;hpp;hxx;hm;inl;inc;xsd</Extensions>
    </Filter>
    <Filter Include="Resource Files">
      <UniqueIdentifier>{67DA6AB6-F800-4c08-8B7A-83BB121AAD01}</UniqueIdentifier>
      <Extensions>rc;ico;cur;bmp;dlg;rc2;rct;bin;rgs;gif;jpg;jpeg;jpe;resx;tiff;tif;png;wav;mfcribbon-ms</Extensions>
    </Filter>
    <Filter Include="XML">
      <UniqueIdentifier>{70a947a1-a569-4a23-8f3b-8db1a84fdf4d}</UniqueIdentifier>
    </Filter>
    <Filter Include="scripts">
      <UniqueIdentifier>{1c841097-efbf-4461-a031-cdbe7b0127b3}</UniqueIdentifier>
    </Filter>
  </ItemGroup>
  <ItemGroup>
    <ClInclude Include="rpg_common_actiontype.h">
      <Filter>Header Files</Filter>
    </ClInclude>
    <ClInclude Include="rpg_common_amount.h">
      <Filter>Header Files</Filter>
    </ClInclude>
    <ClInclude Include="rpg_common_areaofeffect.h">
      <Filter>Header Files</Filter>
    </ClInclude>
    <ClInclude Include="rpg_common_attribute.h">
      <Filter>Header Files</Filter>
    </ClInclude>
    <ClInclude Include="rpg_common_basechecktypeunion.h">
      <Filter>Header Files</Filter>
    </ClInclude>
    <ClInclude Include="rpg_common_camp.h">
      <Filter>Header Files</Filter>
    </ClInclude>
    <ClInclude Include="rpg_common_checktype.h">
      <Filter>Header Files</Filter>
    </ClInclude>
    <ClInclude Include="rpg_common_climate.h">
      <Filter>Header Files</Filter>
    </ClInclude>
    <ClInclude Include="rpg_common_condition.h">
      <Filter>Header Files</Filter>
    </ClInclude>
    <ClInclude Include="rpg_common_countermeasure.h">
      <Filter>Header Files</Filter>
    </ClInclude>
    <ClInclude Include="rpg_common_creaturemetatype.h">
      <Filter>Header Files</Filter>
    </ClInclude>
    <ClInclude Include="rpg_common_creaturesubtype.h">
      <Filter>Header Files</Filter>
    </ClInclude>
    <ClInclude Include="rpg_common_creaturetype.h">
      <Filter>Header Files</Filter>
    </ClInclude>
    <ClInclude Include="rpg_common_defines.h">
      <Filter>Header Files</Filter>
    </ClInclude>
    <ClInclude Include="rpg_common_duration.h">
      <Filter>Header Files</Filter>
    </ClInclude>
    <ClInclude Include="rpg_common_effectduration.h">
      <Filter>Header Files</Filter>
    </ClInclude>
    <ClInclude Include="rpg_common_effecttype.h">
      <Filter>Header Files</Filter>
    </ClInclude>
    <ClInclude Include="rpg_common_environment_incl.h">
      <Filter>Header Files</Filter>
    </ClInclude>
    <ClInclude Include="rpg_common_environment_XML_tree.h">
      <Filter>Header Files</Filter>
    </ClInclude>
    <ClInclude Include="rpg_common_environment_XML_types.h">
      <Filter>Header Files</Filter>
    </ClInclude>
    <ClInclude Include="rpg_common_file_tools.h">
      <Filter>Header Files</Filter>
    </ClInclude>
    <ClInclude Include="rpg_common_icontrol.h">
      <Filter>Header Files</Filter>
    </ClInclude>
    <ClInclude Include="rpg_common_idumpstate.h">
      <Filter>Header Files</Filter>
    </ClInclude>
    <ClInclude Include="rpg_common_incl.h">
      <Filter>Header Files</Filter>
    </ClInclude>
    <ClInclude Include="rpg_common_irefcount.h">
      <Filter>Header Files</Filter>
    </ClInclude>
    <ClInclude Include="rpg_common_istatistic.h">
      <Filter>Header Files</Filter>
    </ClInclude>
    <ClInclude Include="rpg_common_itimer.h">
      <Filter>Header Files</Filter>
    </ClInclude>
    <ClInclude Include="rpg_common_macros.h">
      <Filter>Header Files</Filter>
    </ClInclude>
    <ClInclude Include="rpg_common_physicaldamagetype.h">
      <Filter>Header Files</Filter>
    </ClInclude>
    <ClInclude Include="rpg_common_plane.h">
      <Filter>Header Files</Filter>
    </ClInclude>
    <ClInclude Include="rpg_common_referencecounter.h">
      <Filter>Header Files</Filter>
    </ClInclude>
    <ClInclude Include="rpg_common_savereductiontype.h">
      <Filter>Header Files</Filter>
    </ClInclude>
    <ClInclude Include="rpg_common_savingthrow.h">
      <Filter>Header Files</Filter>
    </ClInclude>
    <ClInclude Include="rpg_common_savingthrowcheck.h">
      <Filter>Header Files</Filter>
    </ClInclude>
    <ClInclude Include="rpg_common_size.h">
      <Filter>Header Files</Filter>
    </ClInclude>
    <ClInclude Include="rpg_common_skill.h">
      <Filter>Header Files</Filter>
    </ClInclude>
    <ClInclude Include="rpg_common_subclass.h">
      <Filter>Header Files</Filter>
    </ClInclude>
    <ClInclude Include="rpg_common_terrain.h">
      <Filter>Header Files</Filter>
    </ClInclude>
    <ClInclude Include="rpg_common_timeofday.h">
      <Filter>Header Files</Filter>
    </ClInclude>
    <ClInclude Include="rpg_common_timer_manager.h">
      <Filter>Header Files</Filter>
    </ClInclude>
    <ClInclude Include="rpg_common_timerhandler.h">
      <Filter>Header Files</Filter>
    </ClInclude>
    <ClInclude Include="rpg_common_tools.h">
      <Filter>Header Files</Filter>
    </ClInclude>
    <ClInclude Include="rpg_common_usage.h">
      <Filter>Header Files</Filter>
    </ClInclude>
    <ClInclude Include="rpg_common_XML_parser.h">
      <Filter>Header Files</Filter>
    </ClInclude>
    <ClInclude Include="rpg_common_XML_tree.h">
      <Filter>Header Files</Filter>
    </ClInclude>
    <ClInclude Include="rpg_common_XML_types.h">
      <Filter>Header Files</Filter>
    </ClInclude>
    <ClInclude Include="rpg_common_xsderrorhandler.h">
      <Filter>Header Files</Filter>
    </ClInclude>
    <ClInclude Include="rpg_XMLSchema_XML_tree.h">
      <Filter>Header Files</Filter>
    </ClInclude>
    <ClInclude Include="rpg_XMLSchema_XML_types.h">
      <Filter>Header Files</Filter>
    </ClInclude>
    <ClInclude Include="rpg_common_exports.h">
      <Filter>Header Files</Filter>
    </ClInclude>
    <ClInclude Include="rpg_common_environment.h">
      <Filter>Header Files</Filter>
    </ClInclude>
    <ClInclude Include="stdafx.h">
      <Filter>Header Files</Filter>
    </ClInclude>
    <ClInclude Include="rpg_common.h">
      <Filter>Header Files</Filter>
    </ClInclude>
    <ClInclude Include="rpg_common_fixedperiod.h">
      <Filter>Header Files</Filter>
    </ClInclude>
  </ItemGroup>
  <ItemGroup>
    <None Include="rpg_common.map">
      <Filter>XML</Filter>
    </None>
    <None Include="rpg_common_environment.map">
      <Filter>XML</Filter>
    </None>
    <None Include="scripts\bindings.bat">
      <Filter>scripts</Filter>
    </None>
  </ItemGroup>
  <ItemGroup>
    <ClCompile Include="rpg_common_environment_XML_tree.cpp">
      <Filter>Source Files</Filter>
    </ClCompile>
    <ClCompile Include="rpg_common_environment_XML_types.cpp">
      <Filter>Source Files</Filter>
    </ClCompile>
    <ClCompile Include="rpg_common_file_tools.cpp">
      <Filter>Source Files</Filter>
    </ClCompile>
    <ClCompile Include="rpg_common_referencecounter.cpp">
      <Filter>Source Files</Filter>
    </ClCompile>
    <ClCompile Include="rpg_common_timer_manager.cpp">
      <Filter>Source Files</Filter>
    </ClCompile>
    <ClCompile Include="rpg_common_timerhandler.cpp">
      <Filter>Source Files</Filter>
    </ClCompile>
    <ClCompile Include="rpg_common_tools.cpp">
      <Filter>Source Files</Filter>
    </ClCompile>
    <ClCompile Include="rpg_common_XML_parser.cpp">
      <Filter>Source Files</Filter>
    </ClCompile>
    <ClCompile Include="rpg_common_XML_tree.cpp">
      <Filter>Source Files</Filter>
    </ClCompile>
    <ClCompile Include="rpg_common_XML_types.cpp">
      <Filter>Source Files</Filter>
    </ClCompile>
    <ClCompile Include="rpg_common_xsderrorhandler.cpp">
      <Filter>Source Files</Filter>
    </ClCompile>
    <ClCompile Include="stdafx.cpp">
      <Filter>Source Files</Filter>
    </ClCompile>
  </ItemGroup>
  <ItemGroup>
    <CXX_Parser_Mapping_Rule Include="rpg_common.xsd">
      <Filter>XML</Filter>
    </CXX_Parser_Mapping_Rule>
    <CXX_Parser_Mapping_Rule Include="rpg_common_environment.xsd">
      <Filter>XML</Filter>
    </CXX_Parser_Mapping_Rule>
  </ItemGroup>
</Project>