<?xml version="1.0" encoding="utf-8"?>
<Project ToolsVersion="4.0" xmlns="http://schemas.microsoft.com/developer/msbuild/2003">
  <ItemGroup>
    <Filter Include="Source Files">
      <UniqueIdentifier>{4FC737F1-C7A5-4376-A066-2A32D752A2FF}</UniqueIdentifier>
      <Extensions>cpp;c;cc;cxx;def;odl;idl;hpj;bat;asm;asmx</Extensions>
    </Filter>
    <Filter Include="Header Files">
      <UniqueIdentifier>{93995380-89BD-4b04-88EB-625FBE52EBFB}</UniqueIdentifier>
      <Extensions>h;hpp;hxx;hm;inl;inc;xsd</Extensions>
    </Filter>
    <Filter Include="Resource Files">
      <UniqueIdentifier>{67DA6AB6-F800-4c08-8B7A-83BB121AAD01}</UniqueIdentifier>
      <Extensions>rc;ico;cur;bmp;dlg;rc2;rct;bin;rgs;gif;jpg;jpeg;jpe;resx;tiff;tif;png;wav;mfcribbon-ms</Extensions>
    </Filter>
    <Filter Include="XML">
      <UniqueIdentifier>{3de98a8c-0c8b-45d2-8758-f0dcd97dd3e6}</UniqueIdentifier>
    </Filter>
    <Filter Include="scripts">
      <UniqueIdentifier>{0b94f4bb-b1ce-4461-9b87-9a6f3b8b5395}</UniqueIdentifier>
    </Filter>
  </ItemGroup>
  <ItemGroup>
    <ClInclude Include="rpg_XMLSchema_XML_types.h">
      <Filter>Header Files</Filter>
    </ClInclude>
    <ClInclude Include="rpg_character_ability.h">
      <Filter>Header Files</Filter>
    </ClInclude>
    <ClInclude Include="rpg_character_alignment.h">
      <Filter>Header Files</Filter>
    </ClInclude>
    <ClInclude Include="rpg_character_alignmentcivic.h">
      <Filter>Header Files</Filter>
    </ClInclude>
    <ClInclude Include="rpg_character_alignmentethic.h">
      <Filter>Header Files</Filter>
    </ClInclude>
    <ClInclude Include="rpg_character_attributes.h">
      <Filter>Header Files</Filter>
    </ClInclude>
    <ClInclude Include="rpg_character_check.h">
      <Filter>Header Files</Filter>
    </ClInclude>
    <ClInclude Include="rpg_character_checktypeunion.h">
      <Filter>Header Files</Filter>
    </ClInclude>
    <ClInclude Include="rpg_character_class_common.h">
      <Filter>Header Files</Filter>
    </ClInclude>
    <ClInclude Include="rpg_character_class_common_tools.h">
      <Filter>Header Files</Filter>
    </ClInclude>
    <ClInclude Include="rpg_character_classxml.h">
      <Filter>Header Files</Filter>
    </ClInclude>
    <ClInclude Include="rpg_character_common.h">
      <Filter>Header Files</Filter>
    </ClInclude>
    <ClInclude Include="rpg_character_common_tools.h">
      <Filter>Header Files</Filter>
    </ClInclude>
    <ClInclude Include="rpg_character_equipmentslot.h">
      <Filter>Header Files</Filter>
    </ClInclude>
    <ClInclude Include="rpg_character_feat.h">
      <Filter>Header Files</Filter>
    </ClInclude>
    <ClInclude Include="rpg_character_feats.h">
      <Filter>Header Files</Filter>
    </ClInclude>
    <ClInclude Include="rpg_character_gender.h">
      <Filter>Header Files</Filter>
    </ClInclude>
    <ClInclude Include="rpg_character_incl.h">
      <Filter>Header Files</Filter>
    </ClInclude>
    <ClInclude Include="rpg_character_metaclass.h">
      <Filter>Header Files</Filter>
    </ClInclude>
    <ClInclude Include="rpg_character_offhand.h">
      <Filter>Header Files</Filter>
    </ClInclude>
    <ClInclude Include="rpg_character_race.h">
      <Filter>Header Files</Filter>
    </ClInclude>
    <ClInclude Include="rpg_character_race_common.h">
      <Filter>Header Files</Filter>
    </ClInclude>
    <ClInclude Include="rpg_character_race_common_tools.h">
      <Filter>Header Files</Filter>
    </ClInclude>
    <ClInclude Include="rpg_character_skills.h">
      <Filter>Header Files</Filter>
    </ClInclude>
    <ClInclude Include="rpg_character_skills_common.h">
      <Filter>Header Files</Filter>
    </ClInclude>
    <ClInclude Include="rpg_character_skills_common_tools.h">
      <Filter>Header Files</Filter>
    </ClInclude>
    <ClInclude Include="rpg_character_skillvalue.h">
      <Filter>Header Files</Filter>
    </ClInclude>
    <ClInclude Include="rpg_character_XML_parser.h">
      <Filter>Header Files</Filter>
    </ClInclude>
    <ClInclude Include="rpg_character_XML_tree.h">
      <Filter>Header Files</Filter>
    </ClInclude>
    <ClInclude Include="rpg_character_XML_types.h">
      <Filter>Header Files</Filter>
    </ClInclude>
    <ClInclude Include="rpg_XMLSchema_XML_tree.h">
      <Filter>Header Files</Filter>
    </ClInclude>
    <ClInclude Include="rpg_character_exports.h">
      <Filter>Header Files</Filter>
    </ClInclude>
    <ClInclude Include="rpg_character_XML_tools.h">
      <Filter>Header Files</Filter>
    </ClInclude>
    <ClInclude Include="rpg_character_defines.h">
      <Filter>Header Files</Filter>
    </ClInclude>
    <ClInclude Include="stdafx.h">
      <Filter>Header Files</Filter>
    </ClInclude>
  </ItemGroup>
  <ItemGroup>
    <ClCompile Include="rpg_character_class_common_tools.cpp">
      <Filter>Source Files</Filter>
    </ClCompile>
    <ClCompile Include="rpg_character_common_tools.cpp">
      <Filter>Source Files</Filter>
    </ClCompile>
    <ClCompile Include="rpg_character_race_common_tools.cpp">
      <Filter>Source Files</Filter>
    </ClCompile>
    <ClCompile Include="rpg_character_skills_common_tools.cpp">
      <Filter>Source Files</Filter>
    </ClCompile>
    <ClCompile Include="rpg_character_XML_parser.cpp">
      <Filter>Source Files</Filter>
    </ClCompile>
    <ClCompile Include="rpg_character_XML_tree.cpp">
      <Filter>Source Files</Filter>
    </ClCompile>
    <ClCompile Include="rpg_character_XML_types.cpp">
      <Filter>Source Files</Filter>
    </ClCompile>
    <ClCompile Include="rpg_character_XML_tools.cpp">
      <Filter>Source Files</Filter>
    </ClCompile>
    <ClCompile Include="stdafx.cpp">
      <Filter>Source Files</Filter>
    </ClCompile>
  </ItemGroup>
  <ItemGroup>
    <None Include="rpg_character.map">
      <Filter>XML</Filter>
    </None>
    <None Include="scripts\bindings.bat">
      <Filter>scripts</Filter>
    </None>
  </ItemGroup>
  <ItemGroup>
    <CXX_Parser_Mapping_Rule Include="rpg_character.xsd">
      <Filter>XML</Filter>
    </CXX_Parser_Mapping_Rule>
  </ItemGroup>
</Project>