<?xml version="1.0" encoding="utf-8"?>
<Project ToolsVersion="4.0" xmlns="http://schemas.microsoft.com/developer/msbuild/2003">
  <ItemGroup>
    <Filter Include="Source Files">
      <UniqueIdentifier>{4FC737F1-C7A5-4376-A066-2A32D752A2FF}</UniqueIdentifier>
      <Extensions>cpp;c;cc;cxx;def;odl;idl;hpj;bat;asm;asmx</Extensions>
    </Filter>
    <Filter Include="Header Files">
      <UniqueIdentifier>{93995380-89BD-4b04-88EB-625FBE52EBFB}</UniqueIdentifier>
      <Extensions>h;hpp;hxx;hm;inl;inc;xsd</Extensions>
    </Filter>
    <Filter Include="Resource Files">
      <UniqueIdentifier>{67DA6AB6-F800-4c08-8B7A-83BB121AAD01}</UniqueIdentifier>
      <Extensions>rc;ico;cur;bmp;dlg;rc2;rct;bin;rgs;gif;jpg;jpeg;jpe;resx;tiff;tif;png;wav;mfcribbon-ms</Extensions>
    </Filter>
    <Filter Include="scripts">
      <UniqueIdentifier>{8c8e1469-cd9c-43de-9763-7de6b1d1bd33}</UniqueIdentifier>
    </Filter>
  </ItemGroup>
  <ItemGroup>
    <ClInclude Include="rpg_stream_tools.h">
      <Filter>Header Files</Filter>
    </ClInclude>
    <ClInclude Include="rpg_stream.h">
      <Filter>Header Files</Filter>
    </ClInclude>
    <ClInclude Include="rpg_stream_allocatorheap.h">
      <Filter>Header Files</Filter>
    </ClInclude>
    <ClInclude Include="rpg_stream_base.h">
      <Filter>Header Files</Filter>
    </ClInclude>
    <ClInclude Include="rpg_stream_cachedallocatorheap.h">
      <Filter>Header Files</Filter>
    </ClInclude>
    <ClInclude Include="rpg_stream_cacheddatablockallocatorheap.h">
      <Filter>Header Files</Filter>
    </ClInclude>
    <ClInclude Include="rpg_stream_cachedmessageallocatorheap.h">
      <Filter>Header Files</Filter>
    </ClInclude>
    <ClInclude Include="rpg_stream_cachedmessageallocatorheap_base.h">
      <Filter>Header Files</Filter>
    </ClInclude>
    <ClInclude Include="rpg_stream_counter.h">
      <Filter>Header Files</Filter>
    </ClInclude>
    <ClInclude Include="rpg_stream_data_message_base.h">
      <Filter>Header Files</Filter>
    </ClInclude>
    <ClInclude Include="rpg_stream_datablockallocatorheap.h">
      <Filter>Header Files</Filter>
    </ClInclude>
    <ClInclude Include="rpg_stream_defines.h">
      <Filter>Header Files</Filter>
    </ClInclude>
    <ClInclude Include="rpg_stream_headmoduletask.h">
      <Filter>Header Files</Filter>
    </ClInclude>
    <ClInclude Include="rpg_stream_headmoduletask_base.h">
      <Filter>Header Files</Filter>
    </ClInclude>
    <ClInclude Include="rpg_stream_iallocator.h">
      <Filter>Header Files</Filter>
    </ClInclude>
    <ClInclude Include="rpg_stream_imessagequeue.h">
      <Filter>Header Files</Filter>
    </ClInclude>
    <ClInclude Include="rpg_stream_irefcount.h">
      <Filter>Header Files</Filter>
    </ClInclude>
    <ClInclude Include="rpg_stream_istreamcontrol.h">
      <Filter>Header Files</Filter>
    </ClInclude>
    <ClInclude Include="rpg_stream_itask.h">
      <Filter>Header Files</Filter>
    </ClInclude>
    <ClInclude Include="rpg_stream_itask_base.h">
      <Filter>Header Files</Filter>
    </ClInclude>
    <ClInclude Include="rpg_stream_message_base.h">
      <Filter>Header Files</Filter>
    </ClInclude>
    <ClInclude Include="rpg_stream_messageallocatorheap.h">
      <Filter>Header Files</Filter>
    </ClInclude>
    <ClInclude Include="rpg_stream_messageallocatorheap_base.h">
      <Filter>Header Files</Filter>
    </ClInclude>
    <ClInclude Include="rpg_stream_messagequeue.h">
      <Filter>Header Files</Filter>
    </ClInclude>
    <ClInclude Include="rpg_stream_messagequeue_base.h">
      <Filter>Header Files</Filter>
    </ClInclude>
    <ClInclude Include="rpg_stream_module.h">
      <Filter>Header Files</Filter>
    </ClInclude>
    <ClInclude Include="rpg_stream_session_config.h">
      <Filter>Header Files</Filter>
    </ClInclude>
    <ClInclude Include="rpg_stream_session_config_base.h">
      <Filter>Header Files</Filter>
    </ClInclude>
    <ClInclude Include="rpg_stream_session_message.h">
      <Filter>Header Files</Filter>
    </ClInclude>
    <ClInclude Include="rpg_stream_session_message_base.h">
      <Filter>Header Files</Filter>
    </ClInclude>
    <ClInclude Include="rpg_stream_statemachine_control.h">
      <Filter>Header Files</Filter>
    </ClInclude>
    <ClInclude Include="rpg_stream_streammodule.h">
      <Filter>Header Files</Filter>
    </ClInclude>
    <ClInclude Include="rpg_stream_streammodule_base.h">
      <Filter>Header Files</Filter>
    </ClInclude>
    <ClInclude Include="rpg_stream_task.h">
      <Filter>Header Files</Filter>
    </ClInclude>
    <ClInclude Include="rpg_stream_task_asynch.h">
      <Filter>Header Files</Filter>
    </ClInclude>
    <ClInclude Include="rpg_stream_task_base.h">
      <Filter>Header Files</Filter>
    </ClInclude>
    <ClInclude Include="rpg_stream_task_base_asynch.h">
      <Filter>Header Files</Filter>
    </ClInclude>
    <ClInclude Include="rpg_stream_task_base_synch.h">
      <Filter>Header Files</Filter>
    </ClInclude>
    <ClInclude Include="rpg_stream_task_synch.h">
      <Filter>Header Files</Filter>
    </ClInclude>
    <ClInclude Include="rpg_stream_exports.h">
      <Filter>Header Files</Filter>
    </ClInclude>
  </ItemGroup>
  <ItemGroup>
    <ClCompile Include="rpg_stream.cpp">
      <Filter>Source Files</Filter>
    </ClCompile>
    <ClCompile Include="rpg_stream_allocatorheap.cpp">
      <Filter>Source Files</Filter>
    </ClCompile>
    <ClCompile Include="rpg_stream_base.cpp">
      <Filter>Source Files</Filter>
    </ClCompile>
    <ClCompile Include="rpg_stream_cachedallocatorheap.cpp">
      <Filter>Source Files</Filter>
    </ClCompile>
    <ClCompile Include="rpg_stream_cacheddatablockallocatorheap.cpp">
      <Filter>Source Files</Filter>
    </ClCompile>
    <ClCompile Include="rpg_stream_cachedmessageallocatorheap.cpp">
      <Filter>Source Files</Filter>
    </ClCompile>
    <ClCompile Include="rpg_stream_cachedmessageallocatorheap_base.cpp">
      <Filter>Source Files</Filter>
    </ClCompile>
    <ClCompile Include="rpg_stream_counter.cpp">
      <Filter>Source Files</Filter>
    </ClCompile>
    <ClCompile Include="rpg_stream_data_message_base.cpp">
      <Filter>Source Files</Filter>
    </ClCompile>
    <ClCompile Include="rpg_stream_datablockallocatorheap.cpp">
      <Filter>Source Files</Filter>
    </ClCompile>
    <ClCompile Include="rpg_stream_headmoduletask.cpp">
      <Filter>Source Files</Filter>
    </ClCompile>
    <ClCompile Include="rpg_stream_headmoduletask_base.cpp">
      <Filter>Source Files</Filter>
    </ClCompile>
    <ClCompile Include="rpg_stream_message_base.cpp">
      <Filter>Source Files</Filter>
    </ClCompile>
    <ClCompile Include="rpg_stream_messageallocatorheap.cpp">
      <Filter>Source Files</Filter>
    </ClCompile>
    <ClCompile Include="rpg_stream_messageallocatorheap_base.cpp">
      <Filter>Source Files</Filter>
    </ClCompile>
    <ClCompile Include="rpg_stream_messagequeue.cpp">
      <Filter>Source Files</Filter>
    </ClCompile>
    <ClCompile Include="rpg_stream_messagequeue_base.cpp">
      <Filter>Source Files</Filter>
    </ClCompile>
    <ClCompile Include="rpg_stream_module.cpp">
      <Filter>Source Files</Filter>
    </ClCompile>
    <ClCompile Include="rpg_stream_session_config.cpp">
      <Filter>Source Files</Filter>
    </ClCompile>
    <ClCompile Include="rpg_stream_session_config_base.cpp">
      <Filter>Source Files</Filter>
    </ClCompile>
    <ClCompile Include="rpg_stream_session_message.cpp">
      <Filter>Source Files</Filter>
    </ClCompile>
    <ClCompile Include="rpg_stream_session_message_base.cpp">
      <Filter>Source Files</Filter>
    </ClCompile>
    <ClCompile Include="rpg_stream_statemachine_control.cpp">
      <Filter>Source Files</Filter>
    </ClCompile>
    <ClCompile Include="rpg_stream_streammodule.cpp">
      <Filter>Source Files</Filter>
    </ClCompile>
    <ClCompile Include="rpg_stream_streammodule_base.cpp">
      <Filter>Source Files</Filter>
    </ClCompile>
    <ClCompile Include="rpg_stream_task.cpp">
      <Filter>Source Files</Filter>
    </ClCompile>
    <ClCompile Include="rpg_stream_task_asynch.cpp">
      <Filter>Source Files</Filter>
    </ClCompile>
    <ClCompile Include="rpg_stream_task_base.cpp">
      <Filter>Source Files</Filter>
    </ClCompile>
    <ClCompile Include="rpg_stream_task_base_asynch.cpp">
      <Filter>Source Files</Filter>
    </ClCompile>
    <ClCompile Include="rpg_stream_task_base_synch.cpp">
      <Filter>Source Files</Filter>
    </ClCompile>
    <ClCompile Include="rpg_stream_task_synch.cpp">
      <Filter>Source Files</Filter>
    </ClCompile>
    <ClCompile Include="rpg_stream_tools.cpp">
      <Filter>Source Files</Filter>
    </ClCompile>
  </ItemGroup>
  <ItemGroup>
    <None Include="rpg_stream_task_base_synch.i">
      <Filter>Header Files</Filter>
    </None>
    <None Include="rpg_stream_base.i">
      <Filter>Header Files</Filter>
    </None>
    <None Include="rpg_stream_cachedmessageallocatorheap_base.i">
      <Filter>Header Files</Filter>
    </None>
    <None Include="rpg_stream_data_message_base.i">
      <Filter>Header Files</Filter>
    </None>
    <None Include="rpg_stream_headmoduletask_base.i">
      <Filter>Header Files</Filter>
    </None>
    <None Include="rpg_stream_messageallocatorheap_base.i">
      <Filter>Header Files</Filter>
    </None>
    <None Include="rpg_stream_session_config_base.i">
      <Filter>Header Files</Filter>
    </None>
    <None Include="rpg_stream_session_message_base.i">
      <Filter>Header Files</Filter>
    </None>
    <None Include="rpg_stream_streammodule.i">
      <Filter>Header Files</Filter>
    </None>
    <None Include="rpg_stream_streammodule_base.i">
      <Filter>Header Files</Filter>
    </None>
    <None Include="rpg_stream_task_base.i">
      <Filter>Header Files</Filter>
    </None>
    <None Include="rpg_stream_task_base_asynch.i">
      <Filter>Header Files</Filter>
    </None>
    <None Include="scripts\exports.bat">
      <Filter>scripts</Filter>
    </None>
  </ItemGroup>
</Project>