<?xml version="1.0" encoding="utf-8"?>
<Project ToolsVersion="4.0" xmlns="http://schemas.microsoft.com/developer/msbuild/2003">
  <ItemGroup>
    <Filter Include="scripts">
      <UniqueIdentifier>{0a7c11fa-021a-40bd-90de-d12dfcb5cc74}</UniqueIdentifier>
    </Filter>
    <Filter Include="Header Files">
      <UniqueIdentifier>{cf8789a1-8753-498b-8377-2fcfb7f32072}</UniqueIdentifier>
    </Filter>
    <Filter Include="Resource Files">
      <UniqueIdentifier>{eb99fbf7-47ee-4243-8d69-f09fa57a949a}</UniqueIdentifier>
    </Filter>
  </ItemGroup>
  <ItemGroup>
    <None Include="scripts\Yarp.nsi">
      <Filter>scripts</Filter>
    </None>
    <None Include="scripts\make_rpm.sh">
      <Filter>scripts</Filter>
    </None>
  </ItemGroup>
  <ItemGroup>
    <ResourceCompile Include="scripts\version.rc">
      <Filter>Resource Files</Filter>
    </ResourceCompile>
  </ItemGroup>
</Project>