<?xml version="1.0" encoding="utf-8"?>
<Project ToolsVersion="4.0" xmlns="http://schemas.microsoft.com/developer/msbuild/2003">
  <ItemGroup>
    <Filter Include="Source Files">
      <UniqueIdentifier>{4FC737F1-C7A5-4376-A066-2A32D752A2FF}</UniqueIdentifier>
      <Extensions>cpp;c;cc;cxx;def;odl;idl;hpj;bat;asm;asmx</Extensions>
    </Filter>
    <Filter Include="Header Files">
      <UniqueIdentifier>{93995380-89BD-4b04-88EB-625FBE52EBFB}</UniqueIdentifier>
      <Extensions>h;hpp;hxx;hm;inl;inc;xsd</Extensions>
    </Filter>
    <Filter Include="Resource Files">
      <UniqueIdentifier>{67DA6AB6-F800-4c08-8B7A-83BB121AAD01}</UniqueIdentifier>
      <Extensions>rc;ico;cur;bmp;dlg;rc2;rct;bin;rgs;gif;jpg;jpeg;jpe;resx;tiff;tif;png;wav;mfcribbon-ms</Extensions>
    </Filter>
    <Filter Include="scripts">
      <UniqueIdentifier>{52dbb040-24b2-4044-8c12-f5a75a2f567e}</UniqueIdentifier>
    </Filter>
  </ItemGroup>
  <ItemGroup>
    <None Include="rpg_net_stream_socket_base.i">
      <Filter>Header Files</Filter>
    </None>
    <None Include="rpg_net_connection_manager.i">
      <Filter>Header Files</Filter>
    </None>
    <None Include="rpg_net_module_runtimestatistic.i">
      <Filter>Header Files</Filter>
    </None>
    <None Include="rpg_net_sockethandler_base.i">
      <Filter>Header Files</Filter>
    </None>
    <None Include="rpg_net_statistichandler.i">
      <Filter>Header Files</Filter>
    </None>
    <None Include="scripts\exports.bat">
      <Filter>scripts</Filter>
    </None>
    <None Include="rpg_net_asynchsockethandler_t.i">
      <Filter>Header Files</Filter>
    </None>
    <None Include="rpg_net_asynchstreamhandler_t.i">
      <Filter>Header Files</Filter>
    </None>
  </ItemGroup>
  <ItemGroup>
    <ClCompile Include="rpg_net_common_tools.cpp">
      <Filter>Source Files</Filter>
    </ClCompile>
    <ClCompile Include="rpg_net_connection_manager.cpp">
      <Filter>Source Files</Filter>
    </ClCompile>
    <ClCompile Include="rpg_net_controller_base.cpp">
      <Filter>Source Files</Filter>
    </ClCompile>
    <ClCompile Include="rpg_net_message.cpp">
      <Filter>Source Files</Filter>
    </ClCompile>
    <ClCompile Include="rpg_net_module_headerparser.cpp">
      <Filter>Source Files</Filter>
    </ClCompile>
    <ClCompile Include="rpg_net_module_protocolhandler.cpp">
      <Filter>Source Files</Filter>
    </ClCompile>
    <ClCompile Include="rpg_net_module_runtimestatistic.cpp">
      <Filter>Source Files</Filter>
    </ClCompile>
    <ClCompile Include="rpg_net_module_sockethandler.cpp">
      <Filter>Source Files</Filter>
    </ClCompile>
    <ClCompile Include="rpg_net_protocol_layer.cpp">
      <Filter>Source Files</Filter>
    </ClCompile>
    <ClCompile Include="rpg_net_resetcounterhandler.cpp">
      <Filter>Source Files</Filter>
    </ClCompile>
    <ClCompile Include="rpg_net_sessionmessage.cpp">
      <Filter>Source Files</Filter>
    </ClCompile>
    <ClCompile Include="rpg_net_sockethandler.cpp">
      <Filter>Source Files</Filter>
    </ClCompile>
    <ClCompile Include="rpg_net_sockethandler_base.cpp">
      <Filter>Source Files</Filter>
    </ClCompile>
    <ClCompile Include="rpg_net_statistichandler.cpp">
      <Filter>Source Files</Filter>
    </ClCompile>
    <ClCompile Include="rpg_net_stream.cpp">
      <Filter>Source Files</Filter>
    </ClCompile>
    <ClCompile Include="rpg_net_stream_config.cpp">
      <Filter>Source Files</Filter>
    </ClCompile>
    <ClCompile Include="rpg_net_stream_messageallocator.cpp">
      <Filter>Source Files</Filter>
    </ClCompile>
    <ClCompile Include="rpg_net_stream_socket_base.cpp">
      <Filter>Source Files</Filter>
    </ClCompile>
    <ClCompile Include="stdafx.cpp">
      <Filter>Source Files</Filter>
    </ClCompile>
    <ClCompile Include="rpg_net_asynchsockethandler_t.cpp">
      <Filter>Source Files</Filter>
    </ClCompile>
    <ClCompile Include="rpg_net_asynchstreamhandler_t.cpp">
      <Filter>Source Files</Filter>
    </ClCompile>
    <ClCompile Include="rpg_net_module_eventhandler.cpp">
      <Filter>Source Files</Filter>
    </ClCompile>
  </ItemGroup>
  <ItemGroup>
    <ClInclude Include="rpg_net_common.h">
      <Filter>Header Files</Filter>
    </ClInclude>
    <ClInclude Include="rpg_net_common_tools.h">
      <Filter>Header Files</Filter>
    </ClInclude>
    <ClInclude Include="rpg_net_connection_manager.h">
      <Filter>Header Files</Filter>
    </ClInclude>
    <ClInclude Include="rpg_net_controller_base.h">
      <Filter>Header Files</Filter>
    </ClInclude>
    <ClInclude Include="rpg_net_defines.h">
      <Filter>Header Files</Filter>
    </ClInclude>
    <ClInclude Include="rpg_net_iconnection.h">
      <Filter>Header Files</Filter>
    </ClInclude>
    <ClInclude Include="rpg_net_iconnectionmanager.h">
      <Filter>Header Files</Filter>
    </ClInclude>
    <ClInclude Include="rpg_net_icounter.h">
      <Filter>Header Files</Filter>
    </ClInclude>
    <ClInclude Include="rpg_net_message.h">
      <Filter>Header Files</Filter>
    </ClInclude>
    <ClInclude Include="rpg_net_module_headerparser.h">
      <Filter>Header Files</Filter>
    </ClInclude>
    <ClInclude Include="rpg_net_module_protocolhandler.h">
      <Filter>Header Files</Filter>
    </ClInclude>
    <ClInclude Include="rpg_net_module_runtimestatistic.h">
      <Filter>Header Files</Filter>
    </ClInclude>
    <ClInclude Include="rpg_net_module_sockethandler.h">
      <Filter>Header Files</Filter>
    </ClInclude>
    <ClInclude Include="rpg_net_packet_headers.h">
      <Filter>Header Files</Filter>
    </ClInclude>
    <ClInclude Include="rpg_net_protocol_layer.h">
      <Filter>Header Files</Filter>
    </ClInclude>
    <ClInclude Include="rpg_net_remote_comm.h">
      <Filter>Header Files</Filter>
    </ClInclude>
    <ClInclude Include="rpg_net_resetcounterhandler.h">
      <Filter>Header Files</Filter>
    </ClInclude>
    <ClInclude Include="rpg_net_sessionmessage.h">
      <Filter>Header Files</Filter>
    </ClInclude>
    <ClInclude Include="rpg_net_sockethandler.h">
      <Filter>Header Files</Filter>
    </ClInclude>
    <ClInclude Include="rpg_net_sockethandler_base.h">
      <Filter>Header Files</Filter>
    </ClInclude>
    <ClInclude Include="rpg_net_statistichandler.h">
      <Filter>Header Files</Filter>
    </ClInclude>
    <ClInclude Include="rpg_net_stream.h">
      <Filter>Header Files</Filter>
    </ClInclude>
    <ClInclude Include="rpg_net_stream_config.h">
      <Filter>Header Files</Filter>
    </ClInclude>
    <ClInclude Include="rpg_net_stream_messageallocator.h">
      <Filter>Header Files</Filter>
    </ClInclude>
    <ClInclude Include="rpg_net_stream_socket_base.h">
      <Filter>Header Files</Filter>
    </ClInclude>
    <ClInclude Include="rpg_net_exports.h">
      <Filter>Header Files</Filter>
    </ClInclude>
    <ClInclude Include="stdafx.h">
      <Filter>Header Files</Filter>
    </ClInclude>
    <ClInclude Include="rpg_net_asynchsockethandler_t.h">
      <Filter>Header Files</Filter>
    </ClInclude>
    <ClInclude Include="rpg_net_asynchstreamhandler_t.h">
      <Filter>Header Files</Filter>
    </ClInclude>
    <ClInclude Include="rpg_net_common_modules.h">
      <Filter>Header Files</Filter>
    </ClInclude>
    <ClInclude Include="rpg_net_stream_common.h">
      <Filter>Header Files</Filter>
    </ClInclude>
    <ClInclude Include="rpg_net_module_eventhandler.h">
      <Filter>Header Files</Filter>
    </ClInclude>
  </ItemGroup>
</Project>